// !$*UTF8*$!
{
	archiveVersion = 1;
	classes = {
	};
	objectVersion = 55;
	objects = {

/* Begin PBXBuildFile section */
		B11BBDA7284D627900A43B94 /* UrlProtocolStub.swift in Sources */ = {isa = PBXBuildFile; fileRef = B11BBDA6284D627900A43B94 /* UrlProtocolStub.swift */; };
		B1318B77284BE75600DEF15D /* AddAccount.swift in Sources */ = {isa = PBXBuildFile; fileRef = B1318B76284BE75600DEF15D /* AddAccount.swift */; };
		B1318B79284BE8EB00DEF15D /* AccountModel.swift in Sources */ = {isa = PBXBuildFile; fileRef = B1318B78284BE8EB00DEF15D /* AccountModel.swift */; };
		B1318B87284BE9B900DEF15D /* Data.framework in Frameworks */ = {isa = PBXBuildFile; fileRef = B1318B7F284BE9B900DEF15D /* Data.framework */; };
		B1318B8C284BE9B900DEF15D /* RemoteAddAccountTests.swift in Sources */ = {isa = PBXBuildFile; fileRef = B1318B8B284BE9B900DEF15D /* RemoteAddAccountTests.swift */; };
		B1318B95284BE9E800DEF15D /* Domain.framework in Frameworks */ = {isa = PBXBuildFile; fileRef = B1318B6F284BE6BB00DEF15D /* Domain.framework */; };
		B1318B96284BE9E800DEF15D /* Domain.framework in Embed Frameworks */ = {isa = PBXBuildFile; fileRef = B1318B6F284BE6BB00DEF15D /* Domain.framework */; settings = {ATTRIBUTES = (CodeSignOnCopy, RemoveHeadersOnCopy, ); }; };
		B1318B9B284C81E000DEF15D /* Model.swift in Sources */ = {isa = PBXBuildFile; fileRef = B1318B9A284C81E000DEF15D /* Model.swift */; };
		B1318B9D284C828500DEF15D /* RemoteAddAccount.swift in Sources */ = {isa = PBXBuildFile; fileRef = B1318B9C284C828500DEF15D /* RemoteAddAccount.swift */; };
		B1318B9F284C82CF00DEF15D /* HttpPostClient.swift in Sources */ = {isa = PBXBuildFile; fileRef = B1318B9E284C82CF00DEF15D /* HttpPostClient.swift */; };
		B1318BA7284C86BE00DEF15D /* DomainError.swift in Sources */ = {isa = PBXBuildFile; fileRef = B1318BA6284C86BE00DEF15D /* DomainError.swift */; };
		B1318BA9284C88E500DEF15D /* HttpError.swift in Sources */ = {isa = PBXBuildFile; fileRef = B1318BA8284C88E500DEF15D /* HttpError.swift */; };
		B1318BAC284C925A00DEF15D /* ExtensionHelpers.swift in Sources */ = {isa = PBXBuildFile; fileRef = B1318BAB284C925A00DEF15D /* ExtensionHelpers.swift */; };
		B1318BAF284C9D3E00DEF15D /* TestExtensions.swift in Sources */ = {isa = PBXBuildFile; fileRef = B1318BAE284C9D3E00DEF15D /* TestExtensions.swift */; };
		B1318BB1284C9D9D00DEF15D /* TestFactory.swift in Sources */ = {isa = PBXBuildFile; fileRef = B1318BB0284C9D9D00DEF15D /* TestFactory.swift */; };
		B1318BB4284C9DF600DEF15D /* HttpClientSpy.swift in Sources */ = {isa = PBXBuildFile; fileRef = B1318BB3284C9DF600DEF15D /* HttpClientSpy.swift */; };
		B1318BB6284C9E3B00DEF15D /* AccountModelFactory.swift in Sources */ = {isa = PBXBuildFile; fileRef = B1318BB5284C9E3B00DEF15D /* AccountModelFactory.swift */; };
		B1318BC4284C9FC800DEF15D /* Infra.framework in Frameworks */ = {isa = PBXBuildFile; fileRef = B1318BBC284C9FC800DEF15D /* Infra.framework */; };
		B1318BC9284C9FC800DEF15D /* AlamofireAdapterTests.swift in Sources */ = {isa = PBXBuildFile; fileRef = B1318BC8284C9FC800DEF15D /* AlamofireAdapterTests.swift */; };
		B1318BD1284CA09800DEF15D /* Data.framework in Frameworks */ = {isa = PBXBuildFile; fileRef = B1318B7F284BE9B900DEF15D /* Data.framework */; };
		B1318BD2284CA09800DEF15D /* Data.framework in Embed Frameworks */ = {isa = PBXBuildFile; fileRef = B1318B7F284BE9B900DEF15D /* Data.framework */; settings = {ATTRIBUTES = (CodeSignOnCopy, RemoveHeadersOnCopy, ); }; };
		B1318BD7284CA0B800DEF15D /* TestExtensions.swift in Sources */ = {isa = PBXBuildFile; fileRef = B1318BAE284C9D3E00DEF15D /* TestExtensions.swift */; };
		B1318BD8284CA0BF00DEF15D /* TestFactory.swift in Sources */ = {isa = PBXBuildFile; fileRef = B1318BB0284C9D9D00DEF15D /* TestFactory.swift */; };
		B1318BDB284CA18F00DEF15D /* Alamofire in Frameworks */ = {isa = PBXBuildFile; productRef = B1318BDA284CA18F00DEF15D /* Alamofire */; };
		B135B17B284EFC6700179E8F /* Presentation.framework in Frameworks */ = {isa = PBXBuildFile; fileRef = B135B173284EFC6700179E8F /* Presentation.framework */; };
		B135B180284EFC6700179E8F /* SignUpPresenterTests.swift in Sources */ = {isa = PBXBuildFile; fileRef = B135B17F284EFC6700179E8F /* SignUpPresenterTests.swift */; };
		B135B189284F05EC00179E8F /* SignUpPresenter.swift in Sources */ = {isa = PBXBuildFile; fileRef = B135B188284F05EC00179E8F /* SignUpPresenter.swift */; };
		B135B18A284F060900179E8F /* Domain.framework in Frameworks */ = {isa = PBXBuildFile; fileRef = B1318B6F284BE6BB00DEF15D /* Domain.framework */; };
		B135B18B284F060900179E8F /* Domain.framework in Embed Frameworks */ = {isa = PBXBuildFile; fileRef = B1318B6F284BE6BB00DEF15D /* Domain.framework */; settings = {ATTRIBUTES = (CodeSignOnCopy, RemoveHeadersOnCopy, ); }; };
		B135B192284F065200179E8F /* AlertView.swift in Sources */ = {isa = PBXBuildFile; fileRef = B135B191284F065200179E8F /* AlertView.swift */; };
		B148B606284E9944001C2C9E /* AlamofireAdapter.swift in Sources */ = {isa = PBXBuildFile; fileRef = B148B605284E9944001C2C9E /* AlamofireAdapter.swift */; };
		B148B60E284E9C6A001C2C9E /* AddAccountIntegrationTests.swift in Sources */ = {isa = PBXBuildFile; fileRef = B148B60D284E9C6A001C2C9E /* AddAccountIntegrationTests.swift */; };
		B148B60F284E9C6A001C2C9E /* Data.framework in Frameworks */ = {isa = PBXBuildFile; fileRef = B1318B7F284BE9B900DEF15D /* Data.framework */; };
		B14AFD49285038A200BCC08D /* Data.framework in Frameworks */ = {isa = PBXBuildFile; fileRef = B1318B7F284BE9B900DEF15D /* Data.framework */; };
		B14AFD4A285038A200BCC08D /* Data.framework in Embed Frameworks */ = {isa = PBXBuildFile; fileRef = B1318B7F284BE9B900DEF15D /* Data.framework */; settings = {ATTRIBUTES = (CodeSignOnCopy, RemoveHeadersOnCopy, ); }; };
		B14AFD4D2850392800BCC08D /* AccountModelFactory.swift in Sources */ = {isa = PBXBuildFile; fileRef = B1318BB5284C9E3B00DEF15D /* AccountModelFactory.swift */; };
		B14AFD4E2850392C00BCC08D /* AccountModelFactory.swift in Sources */ = {isa = PBXBuildFile; fileRef = B1318BB5284C9E3B00DEF15D /* AccountModelFactory.swift */; };
		B14AFD4F2850457300BCC08D /* TestExtensions.swift in Sources */ = {isa = PBXBuildFile; fileRef = B1318BAE284C9D3E00DEF15D /* TestExtensions.swift */; };
		B14AFD5128504A3F00BCC08D /* LoadingView.swift in Sources */ = {isa = PBXBuildFile; fileRef = B14AFD5028504A3F00BCC08D /* LoadingView.swift */; };
		B15A9E0B284FD5DA003812BB /* EmailValidator.swift in Sources */ = {isa = PBXBuildFile; fileRef = B15A9E0A284FD5DA003812BB /* EmailValidator.swift */; };
		B194F27A2851568F0046D535 /* SignUpViewModel.swift in Sources */ = {isa = PBXBuildFile; fileRef = B194F2792851568F0046D535 /* SignUpViewModel.swift */; };
		B194F27C285157200046D535 /* SignUpMapper.swift in Sources */ = {isa = PBXBuildFile; fileRef = B194F27B285157200046D535 /* SignUpMapper.swift */; };
		B194F280285159740046D535 /* AlertViewSpy.swift in Sources */ = {isa = PBXBuildFile; fileRef = B194F27F285159740046D535 /* AlertViewSpy.swift */; };
		B194F28228515A970046D535 /* EmailValidatorSpy.swift in Sources */ = {isa = PBXBuildFile; fileRef = B194F28128515A970046D535 /* EmailValidatorSpy.swift */; };
		B194F28428515AFC0046D535 /* AddAccountSpy.swift in Sources */ = {isa = PBXBuildFile; fileRef = B194F28328515AFC0046D535 /* AddAccountSpy.swift */; };
		B194F28628515B1C0046D535 /* LoadingViewSpy.swift in Sources */ = {isa = PBXBuildFile; fileRef = B194F28528515B1C0046D535 /* LoadingViewSpy.swift */; };
		B194F29428515F150046D535 /* TestFactories.swift in Sources */ = {isa = PBXBuildFile; fileRef = B194F28828515CF20046D535 /* TestFactories.swift */; };
		B1B4CEF928611CAD009255A1 /* UI.framework in Frameworks */ = {isa = PBXBuildFile; fileRef = B1B4CEF128611CAD009255A1 /* UI.framework */; };
		B1B4CEFE28611CAD009255A1 /* SignUpViewControllerTests.swift in Sources */ = {isa = PBXBuildFile; fileRef = B1B4CEFD28611CAD009255A1 /* SignUpViewControllerTests.swift */; };
		B1B4CF1528611EF4009255A1 /* Presentation.framework in Frameworks */ = {isa = PBXBuildFile; fileRef = B135B173284EFC6700179E8F /* Presentation.framework */; platformFilter = ios; };
		B1B4CF1628611EF4009255A1 /* Presentation.framework in Embed Frameworks */ = {isa = PBXBuildFile; fileRef = B135B173284EFC6700179E8F /* Presentation.framework */; settings = {ATTRIBUTES = (CodeSignOnCopy, RemoveHeadersOnCopy, ); }; };
		B1B5CC0C2861F54B00DDAB85 /* SignUp.storyboard in Resources */ = {isa = PBXBuildFile; fileRef = B1B5CC0B2861F54B00DDAB85 /* SignUp.storyboard */; };
		B1B5CC0E2861F56900DDAB85 /* SignUpViewController.swift in Sources */ = {isa = PBXBuildFile; fileRef = B1B5CC0D2861F56900DDAB85 /* SignUpViewController.swift */; };
/* End PBXBuildFile section */

/* Begin PBXContainerItemProxy section */
		B1318B88284BE9B900DEF15D /* PBXContainerItemProxy */ = {
			isa = PBXContainerItemProxy;
			containerPortal = B1318B57284BE5F500DEF15D /* Project object */;
			proxyType = 1;
			remoteGlobalIDString = B1318B7E284BE9B900DEF15D;
			remoteInfo = Data;
		};
		B1318B97284BE9E800DEF15D /* PBXContainerItemProxy */ = {
			isa = PBXContainerItemProxy;
			containerPortal = B1318B57284BE5F500DEF15D /* Project object */;
			proxyType = 1;
			remoteGlobalIDString = B1318B6E284BE6BB00DEF15D;
			remoteInfo = Domain;
		};
		B1318BC5284C9FC800DEF15D /* PBXContainerItemProxy */ = {
			isa = PBXContainerItemProxy;
			containerPortal = B1318B57284BE5F500DEF15D /* Project object */;
			proxyType = 1;
			remoteGlobalIDString = B1318BBB284C9FC800DEF15D;
			remoteInfo = Infra;
		};
		B1318BD3284CA09800DEF15D /* PBXContainerItemProxy */ = {
			isa = PBXContainerItemProxy;
			containerPortal = B1318B57284BE5F500DEF15D /* Project object */;
			proxyType = 1;
			remoteGlobalIDString = B1318B7E284BE9B900DEF15D;
			remoteInfo = Data;
		};
		B135B17C284EFC6700179E8F /* PBXContainerItemProxy */ = {
			isa = PBXContainerItemProxy;
			containerPortal = B1318B57284BE5F500DEF15D /* Project object */;
			proxyType = 1;
			remoteGlobalIDString = B135B172284EFC6700179E8F;
			remoteInfo = Presentation;
		};
		B135B18C284F060900179E8F /* PBXContainerItemProxy */ = {
			isa = PBXContainerItemProxy;
			containerPortal = B1318B57284BE5F500DEF15D /* Project object */;
			proxyType = 1;
			remoteGlobalIDString = B1318B6E284BE6BB00DEF15D;
			remoteInfo = Domain;
		};
		B148B610284E9C6A001C2C9E /* PBXContainerItemProxy */ = {
			isa = PBXContainerItemProxy;
			containerPortal = B1318B57284BE5F500DEF15D /* Project object */;
			proxyType = 1;
			remoteGlobalIDString = B1318B7E284BE9B900DEF15D;
			remoteInfo = Data;
		};
		B148B615284E9C7E001C2C9E /* PBXContainerItemProxy */ = {
			isa = PBXContainerItemProxy;
			containerPortal = B1318B57284BE5F500DEF15D /* Project object */;
			proxyType = 1;
			remoteGlobalIDString = B1318B6E284BE6BB00DEF15D;
			remoteInfo = Domain;
		};
		B148B617284E9C7E001C2C9E /* PBXContainerItemProxy */ = {
			isa = PBXContainerItemProxy;
			containerPortal = B1318B57284BE5F500DEF15D /* Project object */;
			proxyType = 1;
			remoteGlobalIDString = B1318BBB284C9FC800DEF15D;
			remoteInfo = Infra;
		};
		B14AFD4B285038A200BCC08D /* PBXContainerItemProxy */ = {
			isa = PBXContainerItemProxy;
			containerPortal = B1318B57284BE5F500DEF15D /* Project object */;
			proxyType = 1;
			remoteGlobalIDString = B1318B7E284BE9B900DEF15D;
			remoteInfo = Data;
		};
		B1B4CEFA28611CAD009255A1 /* PBXContainerItemProxy */ = {
			isa = PBXContainerItemProxy;
			containerPortal = B1318B57284BE5F500DEF15D /* Project object */;
			proxyType = 1;
			remoteGlobalIDString = B1B4CEF028611CAD009255A1;
			remoteInfo = UI;
		};
		B1B4CF1728611EF4009255A1 /* PBXContainerItemProxy */ = {
			isa = PBXContainerItemProxy;
			containerPortal = B1318B57284BE5F500DEF15D /* Project object */;
			proxyType = 1;
			remoteGlobalIDString = B135B172284EFC6700179E8F;
			remoteInfo = Presentation;
		};
/* End PBXContainerItemProxy section */

/* Begin PBXCopyFilesBuildPhase section */
		B1318B99284BE9E800DEF15D /* Embed Frameworks */ = {
			isa = PBXCopyFilesBuildPhase;
			buildActionMask = 2147483647;
			dstPath = "";
			dstSubfolderSpec = 10;
			files = (
				B1318B96284BE9E800DEF15D /* Domain.framework in Embed Frameworks */,
			);
			name = "Embed Frameworks";
			runOnlyForDeploymentPostprocessing = 0;
		};
		B1318BD5284CA09800DEF15D /* Embed Frameworks */ = {
			isa = PBXCopyFilesBuildPhase;
			buildActionMask = 2147483647;
			dstPath = "";
			dstSubfolderSpec = 10;
			files = (
				B1318BD2284CA09800DEF15D /* Data.framework in Embed Frameworks */,
			);
			name = "Embed Frameworks";
			runOnlyForDeploymentPostprocessing = 0;
		};
		B135B18E284F060900179E8F /* Embed Frameworks */ = {
			isa = PBXCopyFilesBuildPhase;
			buildActionMask = 2147483647;
			dstPath = "";
			dstSubfolderSpec = 10;
			files = (
				B14AFD4A285038A200BCC08D /* Data.framework in Embed Frameworks */,
				B135B18B284F060900179E8F /* Domain.framework in Embed Frameworks */,
			);
			name = "Embed Frameworks";
			runOnlyForDeploymentPostprocessing = 0;
		};
		B1B4CF1928611EF4009255A1 /* Embed Frameworks */ = {
			isa = PBXCopyFilesBuildPhase;
			buildActionMask = 2147483647;
			dstPath = "";
			dstSubfolderSpec = 10;
			files = (
				B1B4CF1628611EF4009255A1 /* Presentation.framework in Embed Frameworks */,
			);
			name = "Embed Frameworks";
			runOnlyForDeploymentPostprocessing = 0;
		};
/* End PBXCopyFilesBuildPhase section */

/* Begin PBXFileReference section */
		B11BBDA6284D627900A43B94 /* UrlProtocolStub.swift */ = {isa = PBXFileReference; lastKnownFileType = sourcecode.swift; path = UrlProtocolStub.swift; sourceTree = "<group>"; };
		B1318B6F284BE6BB00DEF15D /* Domain.framework */ = {isa = PBXFileReference; explicitFileType = wrapper.framework; includeInIndex = 0; path = Domain.framework; sourceTree = BUILT_PRODUCTS_DIR; };
		B1318B76284BE75600DEF15D /* AddAccount.swift */ = {isa = PBXFileReference; lastKnownFileType = sourcecode.swift; path = AddAccount.swift; sourceTree = "<group>"; };
		B1318B78284BE8EB00DEF15D /* AccountModel.swift */ = {isa = PBXFileReference; lastKnownFileType = sourcecode.swift; path = AccountModel.swift; sourceTree = "<group>"; };
		B1318B7F284BE9B900DEF15D /* Data.framework */ = {isa = PBXFileReference; explicitFileType = wrapper.framework; includeInIndex = 0; path = Data.framework; sourceTree = BUILT_PRODUCTS_DIR; };
		B1318B86284BE9B900DEF15D /* DataTests.xctest */ = {isa = PBXFileReference; explicitFileType = wrapper.cfbundle; includeInIndex = 0; path = DataTests.xctest; sourceTree = BUILT_PRODUCTS_DIR; };
		B1318B8B284BE9B900DEF15D /* RemoteAddAccountTests.swift */ = {isa = PBXFileReference; lastKnownFileType = sourcecode.swift; path = RemoteAddAccountTests.swift; sourceTree = "<group>"; };
		B1318B9A284C81E000DEF15D /* Model.swift */ = {isa = PBXFileReference; lastKnownFileType = sourcecode.swift; path = Model.swift; sourceTree = "<group>"; };
		B1318B9C284C828500DEF15D /* RemoteAddAccount.swift */ = {isa = PBXFileReference; lastKnownFileType = sourcecode.swift; path = RemoteAddAccount.swift; sourceTree = "<group>"; };
		B1318B9E284C82CF00DEF15D /* HttpPostClient.swift */ = {isa = PBXFileReference; lastKnownFileType = sourcecode.swift; path = HttpPostClient.swift; sourceTree = "<group>"; };
		B1318BA6284C86BE00DEF15D /* DomainError.swift */ = {isa = PBXFileReference; lastKnownFileType = sourcecode.swift; path = DomainError.swift; sourceTree = "<group>"; };
		B1318BA8284C88E500DEF15D /* HttpError.swift */ = {isa = PBXFileReference; lastKnownFileType = sourcecode.swift; path = HttpError.swift; sourceTree = "<group>"; };
		B1318BAB284C925A00DEF15D /* ExtensionHelpers.swift */ = {isa = PBXFileReference; lastKnownFileType = sourcecode.swift; path = ExtensionHelpers.swift; sourceTree = "<group>"; };
		B1318BAE284C9D3E00DEF15D /* TestExtensions.swift */ = {isa = PBXFileReference; lastKnownFileType = sourcecode.swift; path = TestExtensions.swift; sourceTree = "<group>"; };
		B1318BB0284C9D9D00DEF15D /* TestFactory.swift */ = {isa = PBXFileReference; lastKnownFileType = sourcecode.swift; path = TestFactory.swift; sourceTree = "<group>"; };
		B1318BB3284C9DF600DEF15D /* HttpClientSpy.swift */ = {isa = PBXFileReference; lastKnownFileType = sourcecode.swift; path = HttpClientSpy.swift; sourceTree = "<group>"; };
		B1318BB5284C9E3B00DEF15D /* AccountModelFactory.swift */ = {isa = PBXFileReference; lastKnownFileType = sourcecode.swift; path = AccountModelFactory.swift; sourceTree = "<group>"; };
		B1318BBC284C9FC800DEF15D /* Infra.framework */ = {isa = PBXFileReference; explicitFileType = wrapper.framework; includeInIndex = 0; path = Infra.framework; sourceTree = BUILT_PRODUCTS_DIR; };
		B1318BC3284C9FC800DEF15D /* InfraTests.xctest */ = {isa = PBXFileReference; explicitFileType = wrapper.cfbundle; includeInIndex = 0; path = InfraTests.xctest; sourceTree = BUILT_PRODUCTS_DIR; };
		B1318BC8284C9FC800DEF15D /* AlamofireAdapterTests.swift */ = {isa = PBXFileReference; lastKnownFileType = sourcecode.swift; path = AlamofireAdapterTests.swift; sourceTree = "<group>"; };
		B135B173284EFC6700179E8F /* Presentation.framework */ = {isa = PBXFileReference; explicitFileType = wrapper.framework; includeInIndex = 0; path = Presentation.framework; sourceTree = BUILT_PRODUCTS_DIR; };
		B135B17A284EFC6700179E8F /* PresentationTests.xctest */ = {isa = PBXFileReference; explicitFileType = wrapper.cfbundle; includeInIndex = 0; path = PresentationTests.xctest; sourceTree = BUILT_PRODUCTS_DIR; };
		B135B17F284EFC6700179E8F /* SignUpPresenterTests.swift */ = {isa = PBXFileReference; lastKnownFileType = sourcecode.swift; path = SignUpPresenterTests.swift; sourceTree = "<group>"; };
		B135B188284F05EC00179E8F /* SignUpPresenter.swift */ = {isa = PBXFileReference; lastKnownFileType = sourcecode.swift; path = SignUpPresenter.swift; sourceTree = "<group>"; };
		B135B191284F065200179E8F /* AlertView.swift */ = {isa = PBXFileReference; lastKnownFileType = sourcecode.swift; path = AlertView.swift; sourceTree = "<group>"; };
		B148B605284E9944001C2C9E /* AlamofireAdapter.swift */ = {isa = PBXFileReference; lastKnownFileType = sourcecode.swift; path = AlamofireAdapter.swift; sourceTree = "<group>"; };
		B148B60B284E9C6A001C2C9E /* UseCasesIntegrationTests.xctest */ = {isa = PBXFileReference; explicitFileType = wrapper.cfbundle; includeInIndex = 0; path = UseCasesIntegrationTests.xctest; sourceTree = BUILT_PRODUCTS_DIR; };
		B148B60D284E9C6A001C2C9E /* AddAccountIntegrationTests.swift */ = {isa = PBXFileReference; lastKnownFileType = sourcecode.swift; path = AddAccountIntegrationTests.swift; sourceTree = "<group>"; };
		B14AFD5028504A3F00BCC08D /* LoadingView.swift */ = {isa = PBXFileReference; lastKnownFileType = sourcecode.swift; path = LoadingView.swift; sourceTree = "<group>"; };
		B15A9E0A284FD5DA003812BB /* EmailValidator.swift */ = {isa = PBXFileReference; lastKnownFileType = sourcecode.swift; path = EmailValidator.swift; sourceTree = "<group>"; };
		B194F2792851568F0046D535 /* SignUpViewModel.swift */ = {isa = PBXFileReference; lastKnownFileType = sourcecode.swift; path = SignUpViewModel.swift; sourceTree = "<group>"; };
		B194F27B285157200046D535 /* SignUpMapper.swift */ = {isa = PBXFileReference; lastKnownFileType = sourcecode.swift; path = SignUpMapper.swift; sourceTree = "<group>"; };
		B194F27F285159740046D535 /* AlertViewSpy.swift */ = {isa = PBXFileReference; lastKnownFileType = sourcecode.swift; path = AlertViewSpy.swift; sourceTree = "<group>"; };
		B194F28128515A970046D535 /* EmailValidatorSpy.swift */ = {isa = PBXFileReference; lastKnownFileType = sourcecode.swift; path = EmailValidatorSpy.swift; sourceTree = "<group>"; };
		B194F28328515AFC0046D535 /* AddAccountSpy.swift */ = {isa = PBXFileReference; lastKnownFileType = sourcecode.swift; path = AddAccountSpy.swift; sourceTree = "<group>"; };
		B194F28528515B1C0046D535 /* LoadingViewSpy.swift */ = {isa = PBXFileReference; lastKnownFileType = sourcecode.swift; path = LoadingViewSpy.swift; sourceTree = "<group>"; };
		B194F28828515CF20046D535 /* TestFactories.swift */ = {isa = PBXFileReference; lastKnownFileType = sourcecode.swift; path = TestFactories.swift; sourceTree = "<group>"; };
		B1B4CEF128611CAD009255A1 /* UI.framework */ = {isa = PBXFileReference; explicitFileType = wrapper.framework; includeInIndex = 0; path = UI.framework; sourceTree = BUILT_PRODUCTS_DIR; };
		B1B4CEF828611CAD009255A1 /* UITests.xctest */ = {isa = PBXFileReference; explicitFileType = wrapper.cfbundle; includeInIndex = 0; path = UITests.xctest; sourceTree = BUILT_PRODUCTS_DIR; };
		B1B4CEFD28611CAD009255A1 /* SignUpViewControllerTests.swift */ = {isa = PBXFileReference; lastKnownFileType = sourcecode.swift; path = SignUpViewControllerTests.swift; sourceTree = "<group>"; };
		B1B5CC0B2861F54B00DDAB85 /* SignUp.storyboard */ = {isa = PBXFileReference; lastKnownFileType = file.storyboard; path = SignUp.storyboard; sourceTree = "<group>"; };
		B1B5CC0D2861F56900DDAB85 /* SignUpViewController.swift */ = {isa = PBXFileReference; lastKnownFileType = sourcecode.swift; path = SignUpViewController.swift; sourceTree = "<group>"; };
/* End PBXFileReference section */

/* Begin PBXFrameworksBuildPhase section */
		B1318B6C284BE6BB00DEF15D /* Frameworks */ = {
			isa = PBXFrameworksBuildPhase;
			buildActionMask = 2147483647;
			files = (
			);
			runOnlyForDeploymentPostprocessing = 0;
		};
		B1318B7C284BE9B900DEF15D /* Frameworks */ = {
			isa = PBXFrameworksBuildPhase;
			buildActionMask = 2147483647;
			files = (
				B1318B95284BE9E800DEF15D /* Domain.framework in Frameworks */,
			);
			runOnlyForDeploymentPostprocessing = 0;
		};
		B1318B83284BE9B900DEF15D /* Frameworks */ = {
			isa = PBXFrameworksBuildPhase;
			buildActionMask = 2147483647;
			files = (
				B1318B87284BE9B900DEF15D /* Data.framework in Frameworks */,
			);
			runOnlyForDeploymentPostprocessing = 0;
		};
		B1318BB9284C9FC800DEF15D /* Frameworks */ = {
			isa = PBXFrameworksBuildPhase;
			buildActionMask = 2147483647;
			files = (
				B1318BD1284CA09800DEF15D /* Data.framework in Frameworks */,
				B1318BDB284CA18F00DEF15D /* Alamofire in Frameworks */,
			);
			runOnlyForDeploymentPostprocessing = 0;
		};
		B1318BC0284C9FC800DEF15D /* Frameworks */ = {
			isa = PBXFrameworksBuildPhase;
			buildActionMask = 2147483647;
			files = (
				B1318BC4284C9FC800DEF15D /* Infra.framework in Frameworks */,
			);
			runOnlyForDeploymentPostprocessing = 0;
		};
		B135B170284EFC6700179E8F /* Frameworks */ = {
			isa = PBXFrameworksBuildPhase;
			buildActionMask = 2147483647;
			files = (
				B14AFD49285038A200BCC08D /* Data.framework in Frameworks */,
				B135B18A284F060900179E8F /* Domain.framework in Frameworks */,
			);
			runOnlyForDeploymentPostprocessing = 0;
		};
		B135B177284EFC6700179E8F /* Frameworks */ = {
			isa = PBXFrameworksBuildPhase;
			buildActionMask = 2147483647;
			files = (
				B135B17B284EFC6700179E8F /* Presentation.framework in Frameworks */,
			);
			runOnlyForDeploymentPostprocessing = 0;
		};
		B148B608284E9C6A001C2C9E /* Frameworks */ = {
			isa = PBXFrameworksBuildPhase;
			buildActionMask = 2147483647;
			files = (
				B148B60F284E9C6A001C2C9E /* Data.framework in Frameworks */,
			);
			runOnlyForDeploymentPostprocessing = 0;
		};
		B1B4CEEE28611CAD009255A1 /* Frameworks */ = {
			isa = PBXFrameworksBuildPhase;
			buildActionMask = 2147483647;
			files = (
				B1B4CF1528611EF4009255A1 /* Presentation.framework in Frameworks */,
			);
			runOnlyForDeploymentPostprocessing = 0;
		};
		B1B4CEF528611CAD009255A1 /* Frameworks */ = {
			isa = PBXFrameworksBuildPhase;
			buildActionMask = 2147483647;
			files = (
				B1B4CEF928611CAD009255A1 /* UI.framework in Frameworks */,
			);
			runOnlyForDeploymentPostprocessing = 0;
		};
/* End PBXFrameworksBuildPhase section */

/* Begin PBXGroup section */
		B1318B56284BE5F500DEF15D = {
			isa = PBXGroup;
			children = (
				B1318B70284BE6BB00DEF15D /* Domain */,
				B1318B80284BE9B900DEF15D /* Data */,
				B1318B8A284BE9B900DEF15D /* DataTests */,
				B1318BBD284C9FC800DEF15D /* Infra */,
				B1318BC7284C9FC800DEF15D /* InfraTests */,
				B148B60C284E9C6A001C2C9E /* UseCasesIntegrationTests */,
				B135B174284EFC6700179E8F /* Presentation */,
				B135B17E284EFC6700179E8F /* PresentationTests */,
				B1B5CC0A2861F53100DDAB85 /* UI */,
				B1B4CEFC28611CAD009255A1 /* UITests */,
				B1318B61284BE5F500DEF15D /* Products */,
				B1318B94284BE9E800DEF15D /* Frameworks */,
			);
			sourceTree = "<group>";
		};
		B1318B61284BE5F500DEF15D /* Products */ = {
			isa = PBXGroup;
			children = (
				B1318B6F284BE6BB00DEF15D /* Domain.framework */,
				B1318B7F284BE9B900DEF15D /* Data.framework */,
				B1318B86284BE9B900DEF15D /* DataTests.xctest */,
				B1318BBC284C9FC800DEF15D /* Infra.framework */,
				B1318BC3284C9FC800DEF15D /* InfraTests.xctest */,
				B148B60B284E9C6A001C2C9E /* UseCasesIntegrationTests.xctest */,
				B135B173284EFC6700179E8F /* Presentation.framework */,
				B135B17A284EFC6700179E8F /* PresentationTests.xctest */,
				B1B4CEF128611CAD009255A1 /* UI.framework */,
				B1B4CEF828611CAD009255A1 /* UITests.xctest */,
			);
			name = Products;
			sourceTree = "<group>";
		};
		B1318B70284BE6BB00DEF15D /* Domain */ = {
			isa = PBXGroup;
			children = (
				B1318BA5284C86B000DEF15D /* Errors */,
				B1318BA1284C838F00DEF15D /* Models */,
				B1318BA0284C838000DEF15D /* UseCases */,
			);
			path = Domain;
			sourceTree = "<group>";
		};
		B1318B80284BE9B900DEF15D /* Data */ = {
			isa = PBXGroup;
			children = (
				B1318BAA284C924600DEF15D /* Helpers */,
				B1318BA3284C83AC00DEF15D /* Http */,
				B1318BA2284C83A100DEF15D /* UseCases */,
			);
			path = Data;
			sourceTree = "<group>";
		};
		B1318B8A284BE9B900DEF15D /* DataTests */ = {
			isa = PBXGroup;
			children = (
				B1318BB2284C9DDF00DEF15D /* HttpTests */,
				B1318BAD284C9D1A00DEF15D /* Helpers */,
				B1318BA4284C83C200DEF15D /* UseCasesTests */,
			);
			path = DataTests;
			sourceTree = "<group>";
		};
		B1318B94284BE9E800DEF15D /* Frameworks */ = {
			isa = PBXGroup;
			children = (
			);
			name = Frameworks;
			sourceTree = "<group>";
		};
		B1318BA0284C838000DEF15D /* UseCases */ = {
			isa = PBXGroup;
			children = (
				B1318B76284BE75600DEF15D /* AddAccount.swift */,
			);
			path = UseCases;
			sourceTree = "<group>";
		};
		B1318BA1284C838F00DEF15D /* Models */ = {
			isa = PBXGroup;
			children = (
				B1318B78284BE8EB00DEF15D /* AccountModel.swift */,
				B1318B9A284C81E000DEF15D /* Model.swift */,
			);
			path = Models;
			sourceTree = "<group>";
		};
		B1318BA2284C83A100DEF15D /* UseCases */ = {
			isa = PBXGroup;
			children = (
				B1318B9C284C828500DEF15D /* RemoteAddAccount.swift */,
			);
			path = UseCases;
			sourceTree = "<group>";
		};
		B1318BA3284C83AC00DEF15D /* Http */ = {
			isa = PBXGroup;
			children = (
				B1318B9E284C82CF00DEF15D /* HttpPostClient.swift */,
				B1318BA8284C88E500DEF15D /* HttpError.swift */,
			);
			path = Http;
			sourceTree = "<group>";
		};
		B1318BA4284C83C200DEF15D /* UseCasesTests */ = {
			isa = PBXGroup;
			children = (
				B1318B8B284BE9B900DEF15D /* RemoteAddAccountTests.swift */,
			);
			path = UseCasesTests;
			sourceTree = "<group>";
		};
		B1318BA5284C86B000DEF15D /* Errors */ = {
			isa = PBXGroup;
			children = (
				B1318BA6284C86BE00DEF15D /* DomainError.swift */,
			);
			path = Errors;
			sourceTree = "<group>";
		};
		B1318BAA284C924600DEF15D /* Helpers */ = {
			isa = PBXGroup;
			children = (
				B1318BAB284C925A00DEF15D /* ExtensionHelpers.swift */,
			);
			path = Helpers;
			sourceTree = "<group>";
		};
		B1318BAD284C9D1A00DEF15D /* Helpers */ = {
			isa = PBXGroup;
			children = (
				B1318BAE284C9D3E00DEF15D /* TestExtensions.swift */,
				B1318BB0284C9D9D00DEF15D /* TestFactory.swift */,
				B1318BB5284C9E3B00DEF15D /* AccountModelFactory.swift */,
			);
			path = Helpers;
			sourceTree = "<group>";
		};
		B1318BB2284C9DDF00DEF15D /* HttpTests */ = {
			isa = PBXGroup;
			children = (
				B1318BB3284C9DF600DEF15D /* HttpClientSpy.swift */,
			);
			path = HttpTests;
			sourceTree = "<group>";
		};
		B1318BBD284C9FC800DEF15D /* Infra */ = {
			isa = PBXGroup;
			children = (
				B148B4FC284E879A001C2C9E /* Http */,
			);
			path = Infra;
			sourceTree = "<group>";
		};
		B1318BC7284C9FC800DEF15D /* InfraTests */ = {
			isa = PBXGroup;
			children = (
				B148B4FD284E881C001C2C9E /* Http */,
				B1318BC8284C9FC800DEF15D /* AlamofireAdapterTests.swift */,
			);
			path = InfraTests;
			sourceTree = "<group>";
		};
		B135B174284EFC6700179E8F /* Presentation */ = {
			isa = PBXGroup;
			children = (
				B15A9E09284FD5CA003812BB /* Validators */,
				B135B195284F089D00179E8F /* Presenters */,
				B135B193284F06E700179E8F /* Views */,
			);
			path = Presentation;
			sourceTree = "<group>";
		};
		B135B17E284EFC6700179E8F /* PresentationTests */ = {
			isa = PBXGroup;
			children = (
				B194F28728515CDB0046D535 /* Helpers */,
				B194F27E285159630046D535 /* Views */,
				B135B194284F088F00179E8F /* Presenters */,
			);
			path = PresentationTests;
			sourceTree = "<group>";
		};
		B135B193284F06E700179E8F /* Views */ = {
			isa = PBXGroup;
			children = (
				B135B191284F065200179E8F /* AlertView.swift */,
				B14AFD5028504A3F00BCC08D /* LoadingView.swift */,
			);
			path = Views;
			sourceTree = "<group>";
		};
		B135B194284F088F00179E8F /* Presenters */ = {
			isa = PBXGroup;
			children = (
				B194F27D285158FB0046D535 /* SignUp */,
			);
			path = Presenters;
			sourceTree = "<group>";
		};
		B135B195284F089D00179E8F /* Presenters */ = {
			isa = PBXGroup;
			children = (
				B194F278285156790046D535 /* SignUp */,
			);
			path = Presenters;
			sourceTree = "<group>";
		};
		B148B4FC284E879A001C2C9E /* Http */ = {
			isa = PBXGroup;
			children = (
				B148B605284E9944001C2C9E /* AlamofireAdapter.swift */,
			);
			path = Http;
			sourceTree = "<group>";
		};
		B148B4FD284E881C001C2C9E /* Http */ = {
			isa = PBXGroup;
			children = (
				B11BBDA6284D627900A43B94 /* UrlProtocolStub.swift */,
			);
			path = Http;
			sourceTree = "<group>";
		};
		B148B60C284E9C6A001C2C9E /* UseCasesIntegrationTests */ = {
			isa = PBXGroup;
			children = (
				B148B60D284E9C6A001C2C9E /* AddAccountIntegrationTests.swift */,
			);
			path = UseCasesIntegrationTests;
			sourceTree = "<group>";
		};
		B15A9E09284FD5CA003812BB /* Validators */ = {
			isa = PBXGroup;
			children = (
				B15A9E0A284FD5DA003812BB /* EmailValidator.swift */,
			);
			path = Validators;
			sourceTree = "<group>";
		};
		B194F278285156790046D535 /* SignUp */ = {
			isa = PBXGroup;
			children = (
				B135B188284F05EC00179E8F /* SignUpPresenter.swift */,
				B194F2792851568F0046D535 /* SignUpViewModel.swift */,
				B194F27B285157200046D535 /* SignUpMapper.swift */,
			);
			path = SignUp;
			sourceTree = "<group>";
		};
		B194F27D285158FB0046D535 /* SignUp */ = {
			isa = PBXGroup;
			children = (
				B135B17F284EFC6700179E8F /* SignUpPresenterTests.swift */,
			);
			path = SignUp;
			sourceTree = "<group>";
		};
		B194F27E285159630046D535 /* Views */ = {
			isa = PBXGroup;
			children = (
				B194F27F285159740046D535 /* AlertViewSpy.swift */,
				B194F28128515A970046D535 /* EmailValidatorSpy.swift */,
				B194F28328515AFC0046D535 /* AddAccountSpy.swift */,
				B194F28528515B1C0046D535 /* LoadingViewSpy.swift */,
			);
			path = Views;
			sourceTree = "<group>";
		};
		B194F28728515CDB0046D535 /* Helpers */ = {
			isa = PBXGroup;
			children = (
				B194F28828515CF20046D535 /* TestFactories.swift */,
			);
			path = Helpers;
			sourceTree = "<group>";
		};
		B1B4CEFC28611CAD009255A1 /* UITests */ = {
			isa = PBXGroup;
			children = (
				B1B4CEFD28611CAD009255A1 /* SignUpViewControllerTests.swift */,
			);
			path = UITests;
			sourceTree = "<group>";
		};
		B1B5CC0A2861F53100DDAB85 /* UI */ = {
			isa = PBXGroup;
			children = (
				B1B5CC0B2861F54B00DDAB85 /* SignUp.storyboard */,
				B1B5CC0D2861F56900DDAB85 /* SignUpViewController.swift */,
			);
			path = UI;
			sourceTree = "<group>";
		};
/* End PBXGroup section */

/* Begin PBXHeadersBuildPhase section */
		B1318B6A284BE6BB00DEF15D /* Headers */ = {
			isa = PBXHeadersBuildPhase;
			buildActionMask = 2147483647;
			files = (
			);
			runOnlyForDeploymentPostprocessing = 0;
		};
		B1318B7A284BE9B900DEF15D /* Headers */ = {
			isa = PBXHeadersBuildPhase;
			buildActionMask = 2147483647;
			files = (
			);
			runOnlyForDeploymentPostprocessing = 0;
		};
		B1318BB7284C9FC800DEF15D /* Headers */ = {
			isa = PBXHeadersBuildPhase;
			buildActionMask = 2147483647;
			files = (
			);
			runOnlyForDeploymentPostprocessing = 0;
		};
		B135B16E284EFC6700179E8F /* Headers */ = {
			isa = PBXHeadersBuildPhase;
			buildActionMask = 2147483647;
			files = (
			);
			runOnlyForDeploymentPostprocessing = 0;
		};
		B1B4CEEC28611CAD009255A1 /* Headers */ = {
			isa = PBXHeadersBuildPhase;
			buildActionMask = 2147483647;
			files = (
			);
			runOnlyForDeploymentPostprocessing = 0;
		};
/* End PBXHeadersBuildPhase section */

/* Begin PBXNativeTarget section */
		B1318B6E284BE6BB00DEF15D /* Domain */ = {
			isa = PBXNativeTarget;
			buildConfigurationList = B1318B73284BE6BB00DEF15D /* Build configuration list for PBXNativeTarget "Domain" */;
			buildPhases = (
				B1318B6A284BE6BB00DEF15D /* Headers */,
				B1318B6B284BE6BB00DEF15D /* Sources */,
				B1318B6C284BE6BB00DEF15D /* Frameworks */,
				B1318B6D284BE6BB00DEF15D /* Resources */,
			);
			buildRules = (
			);
			dependencies = (
			);
			name = Domain;
			productName = Domain;
			productReference = B1318B6F284BE6BB00DEF15D /* Domain.framework */;
			productType = "com.apple.product-type.framework";
		};
		B1318B7E284BE9B900DEF15D /* Data */ = {
			isa = PBXNativeTarget;
			buildConfigurationList = B1318B92284BE9B900DEF15D /* Build configuration list for PBXNativeTarget "Data" */;
			buildPhases = (
				B1318B7A284BE9B900DEF15D /* Headers */,
				B1318B7B284BE9B900DEF15D /* Sources */,
				B1318B7C284BE9B900DEF15D /* Frameworks */,
				B1318B7D284BE9B900DEF15D /* Resources */,
				B1318B99284BE9E800DEF15D /* Embed Frameworks */,
			);
			buildRules = (
			);
			dependencies = (
				B1318B98284BE9E800DEF15D /* PBXTargetDependency */,
			);
			name = Data;
			productName = Data;
			productReference = B1318B7F284BE9B900DEF15D /* Data.framework */;
			productType = "com.apple.product-type.framework";
		};
		B1318B85284BE9B900DEF15D /* DataTests */ = {
			isa = PBXNativeTarget;
			buildConfigurationList = B1318B93284BE9B900DEF15D /* Build configuration list for PBXNativeTarget "DataTests" */;
			buildPhases = (
				B1318B82284BE9B900DEF15D /* Sources */,
				B1318B83284BE9B900DEF15D /* Frameworks */,
				B1318B84284BE9B900DEF15D /* Resources */,
			);
			buildRules = (
			);
			dependencies = (
				B1318B89284BE9B900DEF15D /* PBXTargetDependency */,
			);
			name = DataTests;
			productName = DataTests;
			productReference = B1318B86284BE9B900DEF15D /* DataTests.xctest */;
			productType = "com.apple.product-type.bundle.unit-test";
		};
		B1318BBB284C9FC800DEF15D /* Infra */ = {
			isa = PBXNativeTarget;
			buildConfigurationList = B1318BCB284C9FC800DEF15D /* Build configuration list for PBXNativeTarget "Infra" */;
			buildPhases = (
				B1318BB7284C9FC800DEF15D /* Headers */,
				B1318BB8284C9FC800DEF15D /* Sources */,
				B1318BB9284C9FC800DEF15D /* Frameworks */,
				B1318BBA284C9FC800DEF15D /* Resources */,
				B1318BD5284CA09800DEF15D /* Embed Frameworks */,
			);
			buildRules = (
			);
			dependencies = (
				B1318BD4284CA09800DEF15D /* PBXTargetDependency */,
			);
			name = Infra;
			packageProductDependencies = (
				B1318BDA284CA18F00DEF15D /* Alamofire */,
			);
			productName = Infra;
			productReference = B1318BBC284C9FC800DEF15D /* Infra.framework */;
			productType = "com.apple.product-type.framework";
		};
		B1318BC2284C9FC800DEF15D /* InfraTests */ = {
			isa = PBXNativeTarget;
			buildConfigurationList = B1318BCE284C9FC800DEF15D /* Build configuration list for PBXNativeTarget "InfraTests" */;
			buildPhases = (
				B1318BBF284C9FC800DEF15D /* Sources */,
				B1318BC0284C9FC800DEF15D /* Frameworks */,
				B1318BC1284C9FC800DEF15D /* Resources */,
			);
			buildRules = (
			);
			dependencies = (
				B1318BC6284C9FC800DEF15D /* PBXTargetDependency */,
			);
			name = InfraTests;
			productName = InfraTests;
			productReference = B1318BC3284C9FC800DEF15D /* InfraTests.xctest */;
			productType = "com.apple.product-type.bundle.unit-test";
		};
		B135B172284EFC6700179E8F /* Presentation */ = {
			isa = PBXNativeTarget;
			buildConfigurationList = B135B186284EFC6700179E8F /* Build configuration list for PBXNativeTarget "Presentation" */;
			buildPhases = (
				B135B16E284EFC6700179E8F /* Headers */,
				B135B16F284EFC6700179E8F /* Sources */,
				B135B170284EFC6700179E8F /* Frameworks */,
				B135B171284EFC6700179E8F /* Resources */,
				B135B18E284F060900179E8F /* Embed Frameworks */,
			);
			buildRules = (
			);
			dependencies = (
				B135B18D284F060900179E8F /* PBXTargetDependency */,
				B14AFD4C285038A200BCC08D /* PBXTargetDependency */,
			);
			name = Presentation;
			productName = Presentation;
			productReference = B135B173284EFC6700179E8F /* Presentation.framework */;
			productType = "com.apple.product-type.framework";
		};
		B135B179284EFC6700179E8F /* PresentationTests */ = {
			isa = PBXNativeTarget;
			buildConfigurationList = B135B187284EFC6700179E8F /* Build configuration list for PBXNativeTarget "PresentationTests" */;
			buildPhases = (
				B135B176284EFC6700179E8F /* Sources */,
				B135B177284EFC6700179E8F /* Frameworks */,
				B135B178284EFC6700179E8F /* Resources */,
			);
			buildRules = (
			);
			dependencies = (
				B135B17D284EFC6700179E8F /* PBXTargetDependency */,
			);
			name = PresentationTests;
			productName = PresentationTests;
			productReference = B135B17A284EFC6700179E8F /* PresentationTests.xctest */;
			productType = "com.apple.product-type.bundle.unit-test";
		};
		B148B60A284E9C6A001C2C9E /* UseCasesIntegrationTests */ = {
			isa = PBXNativeTarget;
			buildConfigurationList = B148B612284E9C6A001C2C9E /* Build configuration list for PBXNativeTarget "UseCasesIntegrationTests" */;
			buildPhases = (
				B148B607284E9C6A001C2C9E /* Sources */,
				B148B608284E9C6A001C2C9E /* Frameworks */,
				B148B609284E9C6A001C2C9E /* Resources */,
			);
			buildRules = (
			);
			dependencies = (
				B148B616284E9C7E001C2C9E /* PBXTargetDependency */,
				B148B618284E9C7E001C2C9E /* PBXTargetDependency */,
				B148B611284E9C6A001C2C9E /* PBXTargetDependency */,
			);
			name = UseCasesIntegrationTests;
			productName = UseCasesIntegrationTests;
			productReference = B148B60B284E9C6A001C2C9E /* UseCasesIntegrationTests.xctest */;
			productType = "com.apple.product-type.bundle.unit-test";
		};
		B1B4CEF028611CAD009255A1 /* UI */ = {
			isa = PBXNativeTarget;
			buildConfigurationList = B1B4CF0028611CAD009255A1 /* Build configuration list for PBXNativeTarget "UI" */;
			buildPhases = (
				B1B4CEEC28611CAD009255A1 /* Headers */,
				B1B4CEED28611CAD009255A1 /* Sources */,
				B1B4CEEE28611CAD009255A1 /* Frameworks */,
				B1B4CEEF28611CAD009255A1 /* Resources */,
				B1B4CF1928611EF4009255A1 /* Embed Frameworks */,
			);
			buildRules = (
			);
			dependencies = (
				B1B4CF1828611EF4009255A1 /* PBXTargetDependency */,
			);
			name = UI;
			productName = UI;
			productReference = B1B4CEF128611CAD009255A1 /* UI.framework */;
			productType = "com.apple.product-type.framework";
		};
		B1B4CEF728611CAD009255A1 /* UITests */ = {
			isa = PBXNativeTarget;
			buildConfigurationList = B1B4CF0328611CAD009255A1 /* Build configuration list for PBXNativeTarget "UITests" */;
			buildPhases = (
				B1B4CEF428611CAD009255A1 /* Sources */,
				B1B4CEF528611CAD009255A1 /* Frameworks */,
				B1B4CEF628611CAD009255A1 /* Resources */,
			);
			buildRules = (
			);
			dependencies = (
				B1B4CEFB28611CAD009255A1 /* PBXTargetDependency */,
			);
			name = UITests;
			productName = UITests;
			productReference = B1B4CEF828611CAD009255A1 /* UITests.xctest */;
			productType = "com.apple.product-type.bundle.unit-test";
		};
/* End PBXNativeTarget section */

/* Begin PBXProject section */
		B1318B57284BE5F500DEF15D /* Project object */ = {
			isa = PBXProject;
			attributes = {
				BuildIndependentTargetsInParallel = 1;
				LastSwiftUpdateCheck = 1340;
				LastUpgradeCheck = 1340;
				TargetAttributes = {
					B1318B6E284BE6BB00DEF15D = {
						CreatedOnToolsVersion = 13.4.1;
						LastSwiftMigration = 1340;
					};
					B1318B7E284BE9B900DEF15D = {
						CreatedOnToolsVersion = 13.4.1;
						LastSwiftMigration = 1340;
					};
					B1318B85284BE9B900DEF15D = {
						CreatedOnToolsVersion = 13.4.1;
					};
					B1318BBB284C9FC800DEF15D = {
						CreatedOnToolsVersion = 13.4.1;
						LastSwiftMigration = 1340;
					};
					B1318BC2284C9FC800DEF15D = {
						CreatedOnToolsVersion = 13.4.1;
					};
					B135B172284EFC6700179E8F = {
						CreatedOnToolsVersion = 13.4.1;
						LastSwiftMigration = 1340;
					};
					B135B179284EFC6700179E8F = {
						CreatedOnToolsVersion = 13.4.1;
					};
					B148B60A284E9C6A001C2C9E = {
						CreatedOnToolsVersion = 13.4.1;
					};
					B1B4CEF028611CAD009255A1 = {
						CreatedOnToolsVersion = 13.4.1;
						LastSwiftMigration = 1340;
					};
					B1B4CEF728611CAD009255A1 = {
						CreatedOnToolsVersion = 13.4.1;
					};
				};
			};
			buildConfigurationList = B1318B5A284BE5F500DEF15D /* Build configuration list for PBXProject "CleanApp" */;
			compatibilityVersion = "Xcode 13.0";
			developmentRegion = en;
			hasScannedForEncodings = 0;
			knownRegions = (
				en,
				Base,
			);
			mainGroup = B1318B56284BE5F500DEF15D;
			packageReferences = (
				B1318BD9284CA18F00DEF15D /* XCRemoteSwiftPackageReference "Alamofire" */,
			);
			productRefGroup = B1318B61284BE5F500DEF15D /* Products */;
			projectDirPath = "";
			projectRoot = "";
			targets = (
				B1318B6E284BE6BB00DEF15D /* Domain */,
				B1318B7E284BE9B900DEF15D /* Data */,
				B1318B85284BE9B900DEF15D /* DataTests */,
				B1318BBB284C9FC800DEF15D /* Infra */,
				B1318BC2284C9FC800DEF15D /* InfraTests */,
				B148B60A284E9C6A001C2C9E /* UseCasesIntegrationTests */,
				B135B172284EFC6700179E8F /* Presentation */,
				B135B179284EFC6700179E8F /* PresentationTests */,
				B1B4CEF028611CAD009255A1 /* UI */,
				B1B4CEF728611CAD009255A1 /* UITests */,
			);
		};
/* End PBXProject section */

/* Begin PBXResourcesBuildPhase section */
		B1318B6D284BE6BB00DEF15D /* Resources */ = {
			isa = PBXResourcesBuildPhase;
			buildActionMask = 2147483647;
			files = (
			);
			runOnlyForDeploymentPostprocessing = 0;
		};
		B1318B7D284BE9B900DEF15D /* Resources */ = {
			isa = PBXResourcesBuildPhase;
			buildActionMask = 2147483647;
			files = (
			);
			runOnlyForDeploymentPostprocessing = 0;
		};
		B1318B84284BE9B900DEF15D /* Resources */ = {
			isa = PBXResourcesBuildPhase;
			buildActionMask = 2147483647;
			files = (
			);
			runOnlyForDeploymentPostprocessing = 0;
		};
		B1318BBA284C9FC800DEF15D /* Resources */ = {
			isa = PBXResourcesBuildPhase;
			buildActionMask = 2147483647;
			files = (
			);
			runOnlyForDeploymentPostprocessing = 0;
		};
		B1318BC1284C9FC800DEF15D /* Resources */ = {
			isa = PBXResourcesBuildPhase;
			buildActionMask = 2147483647;
			files = (
			);
			runOnlyForDeploymentPostprocessing = 0;
		};
		B135B171284EFC6700179E8F /* Resources */ = {
			isa = PBXResourcesBuildPhase;
			buildActionMask = 2147483647;
			files = (
			);
			runOnlyForDeploymentPostprocessing = 0;
		};
		B135B178284EFC6700179E8F /* Resources */ = {
			isa = PBXResourcesBuildPhase;
			buildActionMask = 2147483647;
			files = (
			);
			runOnlyForDeploymentPostprocessing = 0;
		};
		B148B609284E9C6A001C2C9E /* Resources */ = {
			isa = PBXResourcesBuildPhase;
			buildActionMask = 2147483647;
			files = (
			);
			runOnlyForDeploymentPostprocessing = 0;
		};
		B1B4CEEF28611CAD009255A1 /* Resources */ = {
			isa = PBXResourcesBuildPhase;
			buildActionMask = 2147483647;
			files = (
				B1B5CC0C2861F54B00DDAB85 /* SignUp.storyboard in Resources */,
			);
			runOnlyForDeploymentPostprocessing = 0;
		};
		B1B4CEF628611CAD009255A1 /* Resources */ = {
			isa = PBXResourcesBuildPhase;
			buildActionMask = 2147483647;
			files = (
			);
			runOnlyForDeploymentPostprocessing = 0;
		};
/* End PBXResourcesBuildPhase section */

/* Begin PBXSourcesBuildPhase section */
		B1318B6B284BE6BB00DEF15D /* Sources */ = {
			isa = PBXSourcesBuildPhase;
			buildActionMask = 2147483647;
			files = (
				B1318B9B284C81E000DEF15D /* Model.swift in Sources */,
				B1318B77284BE75600DEF15D /* AddAccount.swift in Sources */,
				B1318BA7284C86BE00DEF15D /* DomainError.swift in Sources */,
				B1318B79284BE8EB00DEF15D /* AccountModel.swift in Sources */,
			);
			runOnlyForDeploymentPostprocessing = 0;
		};
		B1318B7B284BE9B900DEF15D /* Sources */ = {
			isa = PBXSourcesBuildPhase;
			buildActionMask = 2147483647;
			files = (
				B1318B9F284C82CF00DEF15D /* HttpPostClient.swift in Sources */,
				B1318BAC284C925A00DEF15D /* ExtensionHelpers.swift in Sources */,
				B1318BA9284C88E500DEF15D /* HttpError.swift in Sources */,
				B1318B9D284C828500DEF15D /* RemoteAddAccount.swift in Sources */,
			);
			runOnlyForDeploymentPostprocessing = 0;
		};
		B1318B82284BE9B900DEF15D /* Sources */ = {
			isa = PBXSourcesBuildPhase;
			buildActionMask = 2147483647;
			files = (
				B1318BB1284C9D9D00DEF15D /* TestFactory.swift in Sources */,
				B1318BB4284C9DF600DEF15D /* HttpClientSpy.swift in Sources */,
				B1318B8C284BE9B900DEF15D /* RemoteAddAccountTests.swift in Sources */,
				B1318BB6284C9E3B00DEF15D /* AccountModelFactory.swift in Sources */,
				B1318BAF284C9D3E00DEF15D /* TestExtensions.swift in Sources */,
			);
			runOnlyForDeploymentPostprocessing = 0;
		};
		B1318BB8284C9FC800DEF15D /* Sources */ = {
			isa = PBXSourcesBuildPhase;
			buildActionMask = 2147483647;
			files = (
				B148B606284E9944001C2C9E /* AlamofireAdapter.swift in Sources */,
			);
			runOnlyForDeploymentPostprocessing = 0;
		};
		B1318BBF284C9FC800DEF15D /* Sources */ = {
			isa = PBXSourcesBuildPhase;
			buildActionMask = 2147483647;
			files = (
				B1318BD8284CA0BF00DEF15D /* TestFactory.swift in Sources */,
				B1318BC9284C9FC800DEF15D /* AlamofireAdapterTests.swift in Sources */,
				B1318BD7284CA0B800DEF15D /* TestExtensions.swift in Sources */,
				B11BBDA7284D627900A43B94 /* UrlProtocolStub.swift in Sources */,
			);
			runOnlyForDeploymentPostprocessing = 0;
		};
		B135B16F284EFC6700179E8F /* Sources */ = {
			isa = PBXSourcesBuildPhase;
			buildActionMask = 2147483647;
			files = (
				B14AFD5128504A3F00BCC08D /* LoadingView.swift in Sources */,
				B194F27C285157200046D535 /* SignUpMapper.swift in Sources */,
				B135B189284F05EC00179E8F /* SignUpPresenter.swift in Sources */,
				B135B192284F065200179E8F /* AlertView.swift in Sources */,
				B14AFD4D2850392800BCC08D /* AccountModelFactory.swift in Sources */,
				B194F27A2851568F0046D535 /* SignUpViewModel.swift in Sources */,
				B15A9E0B284FD5DA003812BB /* EmailValidator.swift in Sources */,
			);
			runOnlyForDeploymentPostprocessing = 0;
		};
		B135B176284EFC6700179E8F /* Sources */ = {
			isa = PBXSourcesBuildPhase;
			buildActionMask = 2147483647;
			files = (
				B194F28628515B1C0046D535 /* LoadingViewSpy.swift in Sources */,
				B194F28428515AFC0046D535 /* AddAccountSpy.swift in Sources */,
				B194F280285159740046D535 /* AlertViewSpy.swift in Sources */,
				B14AFD4E2850392C00BCC08D /* AccountModelFactory.swift in Sources */,
				B194F28228515A970046D535 /* EmailValidatorSpy.swift in Sources */,
				B14AFD4F2850457300BCC08D /* TestExtensions.swift in Sources */,
				B194F29428515F150046D535 /* TestFactories.swift in Sources */,
				B135B180284EFC6700179E8F /* SignUpPresenterTests.swift in Sources */,
			);
			runOnlyForDeploymentPostprocessing = 0;
		};
		B148B607284E9C6A001C2C9E /* Sources */ = {
			isa = PBXSourcesBuildPhase;
			buildActionMask = 2147483647;
			files = (
				B148B60E284E9C6A001C2C9E /* AddAccountIntegrationTests.swift in Sources */,
			);
			runOnlyForDeploymentPostprocessing = 0;
		};
		B1B4CEED28611CAD009255A1 /* Sources */ = {
			isa = PBXSourcesBuildPhase;
			buildActionMask = 2147483647;
			files = (
				B1B5CC0E2861F56900DDAB85 /* SignUpViewController.swift in Sources */,
			);
			runOnlyForDeploymentPostprocessing = 0;
		};
		B1B4CEF428611CAD009255A1 /* Sources */ = {
			isa = PBXSourcesBuildPhase;
			buildActionMask = 2147483647;
			files = (
				B1B4CEFE28611CAD009255A1 /* SignUpViewControllerTests.swift in Sources */,
			);
			runOnlyForDeploymentPostprocessing = 0;
		};
/* End PBXSourcesBuildPhase section */

/* Begin PBXTargetDependency section */
		B1318B89284BE9B900DEF15D /* PBXTargetDependency */ = {
			isa = PBXTargetDependency;
			target = B1318B7E284BE9B900DEF15D /* Data */;
			targetProxy = B1318B88284BE9B900DEF15D /* PBXContainerItemProxy */;
		};
		B1318B98284BE9E800DEF15D /* PBXTargetDependency */ = {
			isa = PBXTargetDependency;
			target = B1318B6E284BE6BB00DEF15D /* Domain */;
			targetProxy = B1318B97284BE9E800DEF15D /* PBXContainerItemProxy */;
		};
		B1318BC6284C9FC800DEF15D /* PBXTargetDependency */ = {
			isa = PBXTargetDependency;
			target = B1318BBB284C9FC800DEF15D /* Infra */;
			targetProxy = B1318BC5284C9FC800DEF15D /* PBXContainerItemProxy */;
		};
		B1318BD4284CA09800DEF15D /* PBXTargetDependency */ = {
			isa = PBXTargetDependency;
			target = B1318B7E284BE9B900DEF15D /* Data */;
			targetProxy = B1318BD3284CA09800DEF15D /* PBXContainerItemProxy */;
		};
		B135B17D284EFC6700179E8F /* PBXTargetDependency */ = {
			isa = PBXTargetDependency;
			target = B135B172284EFC6700179E8F /* Presentation */;
			targetProxy = B135B17C284EFC6700179E8F /* PBXContainerItemProxy */;
		};
		B135B18D284F060900179E8F /* PBXTargetDependency */ = {
			isa = PBXTargetDependency;
			target = B1318B6E284BE6BB00DEF15D /* Domain */;
			targetProxy = B135B18C284F060900179E8F /* PBXContainerItemProxy */;
		};
		B148B611284E9C6A001C2C9E /* PBXTargetDependency */ = {
			isa = PBXTargetDependency;
			target = B1318B7E284BE9B900DEF15D /* Data */;
			targetProxy = B148B610284E9C6A001C2C9E /* PBXContainerItemProxy */;
		};
		B148B616284E9C7E001C2C9E /* PBXTargetDependency */ = {
			isa = PBXTargetDependency;
			target = B1318B6E284BE6BB00DEF15D /* Domain */;
			targetProxy = B148B615284E9C7E001C2C9E /* PBXContainerItemProxy */;
		};
		B148B618284E9C7E001C2C9E /* PBXTargetDependency */ = {
			isa = PBXTargetDependency;
			target = B1318BBB284C9FC800DEF15D /* Infra */;
			targetProxy = B148B617284E9C7E001C2C9E /* PBXContainerItemProxy */;
		};
		B14AFD4C285038A200BCC08D /* PBXTargetDependency */ = {
			isa = PBXTargetDependency;
			target = B1318B7E284BE9B900DEF15D /* Data */;
			targetProxy = B14AFD4B285038A200BCC08D /* PBXContainerItemProxy */;
		};
		B1B4CEFB28611CAD009255A1 /* PBXTargetDependency */ = {
			isa = PBXTargetDependency;
			target = B1B4CEF028611CAD009255A1 /* UI */;
			targetProxy = B1B4CEFA28611CAD009255A1 /* PBXContainerItemProxy */;
		};
		B1B4CF1828611EF4009255A1 /* PBXTargetDependency */ = {
			isa = PBXTargetDependency;
			platformFilter = ios;
			target = B135B172284EFC6700179E8F /* Presentation */;
			targetProxy = B1B4CF1728611EF4009255A1 /* PBXContainerItemProxy */;
		};
/* End PBXTargetDependency section */

/* Begin XCBuildConfiguration section */
		B1318B65284BE5F500DEF15D /* Debug */ = {
			isa = XCBuildConfiguration;
			buildSettings = {
				ALWAYS_SEARCH_USER_PATHS = NO;
				CLANG_ANALYZER_NONNULL = YES;
				CLANG_ANALYZER_NUMBER_OBJECT_CONVERSION = YES_AGGRESSIVE;
				CLANG_CXX_LANGUAGE_STANDARD = "gnu++17";
				CLANG_ENABLE_MODULES = YES;
				CLANG_ENABLE_OBJC_ARC = YES;
				CLANG_ENABLE_OBJC_WEAK = YES;
				CLANG_WARN_BLOCK_CAPTURE_AUTORELEASING = YES;
				CLANG_WARN_BOOL_CONVERSION = YES;
				CLANG_WARN_COMMA = YES;
				CLANG_WARN_CONSTANT_CONVERSION = YES;
				CLANG_WARN_DEPRECATED_OBJC_IMPLEMENTATIONS = YES;
				CLANG_WARN_DIRECT_OBJC_ISA_USAGE = YES_ERROR;
				CLANG_WARN_DOCUMENTATION_COMMENTS = YES;
				CLANG_WARN_EMPTY_BODY = YES;
				CLANG_WARN_ENUM_CONVERSION = YES;
				CLANG_WARN_INFINITE_RECURSION = YES;
				CLANG_WARN_INT_CONVERSION = YES;
				CLANG_WARN_NON_LITERAL_NULL_CONVERSION = YES;
				CLANG_WARN_OBJC_IMPLICIT_RETAIN_SELF = YES;
				CLANG_WARN_OBJC_LITERAL_CONVERSION = YES;
				CLANG_WARN_OBJC_ROOT_CLASS = YES_ERROR;
				CLANG_WARN_QUOTED_INCLUDE_IN_FRAMEWORK_HEADER = YES;
				CLANG_WARN_RANGE_LOOP_ANALYSIS = YES;
				CLANG_WARN_STRICT_PROTOTYPES = YES;
				CLANG_WARN_SUSPICIOUS_MOVE = YES;
				CLANG_WARN_UNGUARDED_AVAILABILITY = YES_AGGRESSIVE;
				CLANG_WARN_UNREACHABLE_CODE = YES;
				CLANG_WARN__DUPLICATE_METHOD_MATCH = YES;
				COPY_PHASE_STRIP = NO;
				CURRENT_PROJECT_VERSION = 1;
				DEBUG_INFORMATION_FORMAT = dwarf;
				ENABLE_STRICT_OBJC_MSGSEND = YES;
				ENABLE_TESTABILITY = YES;
				GCC_C_LANGUAGE_STANDARD = gnu11;
				GCC_DYNAMIC_NO_PIC = NO;
				GCC_NO_COMMON_BLOCKS = YES;
				GCC_OPTIMIZATION_LEVEL = 0;
				GCC_PREPROCESSOR_DEFINITIONS = (
					"DEBUG=1",
					"$(inherited)",
				);
				GCC_WARN_64_TO_32_BIT_CONVERSION = YES;
				GCC_WARN_ABOUT_RETURN_TYPE = YES_ERROR;
				GCC_WARN_UNDECLARED_SELECTOR = YES;
				GCC_WARN_UNINITIALIZED_AUTOS = YES_AGGRESSIVE;
				GCC_WARN_UNUSED_FUNCTION = YES;
				GCC_WARN_UNUSED_VARIABLE = YES;
				IPHONEOS_DEPLOYMENT_TARGET = 15.5;
				MTL_ENABLE_DEBUG_INFO = INCLUDE_SOURCE;
				MTL_FAST_MATH = YES;
				ONLY_ACTIVE_ARCH = YES;
				SDKROOT = iphoneos;
				SWIFT_ACTIVE_COMPILATION_CONDITIONS = DEBUG;
				SWIFT_OPTIMIZATION_LEVEL = "-Onone";
				VERSIONING_SYSTEM = "apple-generic";
				VERSION_INFO_PREFIX = "";
			};
			name = Debug;
		};
		B1318B66284BE5F500DEF15D /* Release */ = {
			isa = XCBuildConfiguration;
			buildSettings = {
				ALWAYS_SEARCH_USER_PATHS = NO;
				CLANG_ANALYZER_NONNULL = YES;
				CLANG_ANALYZER_NUMBER_OBJECT_CONVERSION = YES_AGGRESSIVE;
				CLANG_CXX_LANGUAGE_STANDARD = "gnu++17";
				CLANG_ENABLE_MODULES = YES;
				CLANG_ENABLE_OBJC_ARC = YES;
				CLANG_ENABLE_OBJC_WEAK = YES;
				CLANG_WARN_BLOCK_CAPTURE_AUTORELEASING = YES;
				CLANG_WARN_BOOL_CONVERSION = YES;
				CLANG_WARN_COMMA = YES;
				CLANG_WARN_CONSTANT_CONVERSION = YES;
				CLANG_WARN_DEPRECATED_OBJC_IMPLEMENTATIONS = YES;
				CLANG_WARN_DIRECT_OBJC_ISA_USAGE = YES_ERROR;
				CLANG_WARN_DOCUMENTATION_COMMENTS = YES;
				CLANG_WARN_EMPTY_BODY = YES;
				CLANG_WARN_ENUM_CONVERSION = YES;
				CLANG_WARN_INFINITE_RECURSION = YES;
				CLANG_WARN_INT_CONVERSION = YES;
				CLANG_WARN_NON_LITERAL_NULL_CONVERSION = YES;
				CLANG_WARN_OBJC_IMPLICIT_RETAIN_SELF = YES;
				CLANG_WARN_OBJC_LITERAL_CONVERSION = YES;
				CLANG_WARN_OBJC_ROOT_CLASS = YES_ERROR;
				CLANG_WARN_QUOTED_INCLUDE_IN_FRAMEWORK_HEADER = YES;
				CLANG_WARN_RANGE_LOOP_ANALYSIS = YES;
				CLANG_WARN_STRICT_PROTOTYPES = YES;
				CLANG_WARN_SUSPICIOUS_MOVE = YES;
				CLANG_WARN_UNGUARDED_AVAILABILITY = YES_AGGRESSIVE;
				CLANG_WARN_UNREACHABLE_CODE = YES;
				CLANG_WARN__DUPLICATE_METHOD_MATCH = YES;
				COPY_PHASE_STRIP = NO;
				CURRENT_PROJECT_VERSION = 1;
				DEBUG_INFORMATION_FORMAT = "dwarf-with-dsym";
				ENABLE_NS_ASSERTIONS = NO;
				ENABLE_STRICT_OBJC_MSGSEND = YES;
				GCC_C_LANGUAGE_STANDARD = gnu11;
				GCC_NO_COMMON_BLOCKS = YES;
				GCC_WARN_64_TO_32_BIT_CONVERSION = YES;
				GCC_WARN_ABOUT_RETURN_TYPE = YES_ERROR;
				GCC_WARN_UNDECLARED_SELECTOR = YES;
				GCC_WARN_UNINITIALIZED_AUTOS = YES_AGGRESSIVE;
				GCC_WARN_UNUSED_FUNCTION = YES;
				GCC_WARN_UNUSED_VARIABLE = YES;
				IPHONEOS_DEPLOYMENT_TARGET = 15.5;
				MTL_ENABLE_DEBUG_INFO = NO;
				MTL_FAST_MATH = YES;
				SDKROOT = iphoneos;
				SWIFT_COMPILATION_MODE = wholemodule;
				SWIFT_OPTIMIZATION_LEVEL = "-O";
				VALIDATE_PRODUCT = YES;
				VERSIONING_SYSTEM = "apple-generic";
				VERSION_INFO_PREFIX = "";
			};
			name = Release;
		};
		B1318B74284BE6BB00DEF15D /* Debug */ = {
			isa = XCBuildConfiguration;
			buildSettings = {
				CLANG_ENABLE_MODULES = YES;
				CODE_SIGN_STYLE = Automatic;
				COMBINE_HIDPI_IMAGES = YES;
				CURRENT_PROJECT_VERSION = 1;
				DEFINES_MODULE = YES;
				DYLIB_COMPATIBILITY_VERSION = 1;
				DYLIB_CURRENT_VERSION = 1;
				DYLIB_INSTALL_NAME_BASE = "@rpath";
				GENERATE_INFOPLIST_FILE = YES;
				INFOPLIST_KEY_NSHumanReadableCopyright = "";
				INSTALL_PATH = "$(LOCAL_LIBRARY_DIR)/Frameworks";
				LD_RUNPATH_SEARCH_PATHS = (
					"$(inherited)",
					"@executable_path/../Frameworks",
					"@loader_path/Frameworks",
				);
				MACOSX_DEPLOYMENT_TARGET = 12.3;
				MARKETING_VERSION = 1.0;
				PRODUCT_BUNDLE_IDENTIFIER = com.devmeist3r.Domain;
				PRODUCT_NAME = "$(TARGET_NAME:c99extidentifier)";
				SDKROOT = macosx;
				SKIP_INSTALL = YES;
				SUPPORTED_PLATFORMS = "macosx iphoneos iphonesimulator";
				SWIFT_EMIT_LOC_STRINGS = YES;
				SWIFT_OPTIMIZATION_LEVEL = "-Onone";
				SWIFT_VERSION = 5.0;
			};
			name = Debug;
		};
		B1318B75284BE6BB00DEF15D /* Release */ = {
			isa = XCBuildConfiguration;
			buildSettings = {
				CLANG_ENABLE_MODULES = YES;
				CODE_SIGN_STYLE = Automatic;
				COMBINE_HIDPI_IMAGES = YES;
				CURRENT_PROJECT_VERSION = 1;
				DEFINES_MODULE = YES;
				DYLIB_COMPATIBILITY_VERSION = 1;
				DYLIB_CURRENT_VERSION = 1;
				DYLIB_INSTALL_NAME_BASE = "@rpath";
				GENERATE_INFOPLIST_FILE = YES;
				INFOPLIST_KEY_NSHumanReadableCopyright = "";
				INSTALL_PATH = "$(LOCAL_LIBRARY_DIR)/Frameworks";
				LD_RUNPATH_SEARCH_PATHS = (
					"$(inherited)",
					"@executable_path/../Frameworks",
					"@loader_path/Frameworks",
				);
				MACOSX_DEPLOYMENT_TARGET = 12.3;
				MARKETING_VERSION = 1.0;
				PRODUCT_BUNDLE_IDENTIFIER = com.devmeist3r.Domain;
				PRODUCT_NAME = "$(TARGET_NAME:c99extidentifier)";
				SDKROOT = macosx;
				SKIP_INSTALL = YES;
				SUPPORTED_PLATFORMS = "macosx iphoneos iphonesimulator";
				SWIFT_EMIT_LOC_STRINGS = YES;
				SWIFT_VERSION = 5.0;
			};
			name = Release;
		};
		B1318B8E284BE9B900DEF15D /* Debug */ = {
			isa = XCBuildConfiguration;
			buildSettings = {
				CLANG_ENABLE_MODULES = YES;
				CODE_SIGN_STYLE = Automatic;
				COMBINE_HIDPI_IMAGES = YES;
				CURRENT_PROJECT_VERSION = 1;
				DEFINES_MODULE = YES;
				DEVELOPMENT_TEAM = Y65JAZKR5L;
				DYLIB_COMPATIBILITY_VERSION = 1;
				DYLIB_CURRENT_VERSION = 1;
				DYLIB_INSTALL_NAME_BASE = "@rpath";
				GENERATE_INFOPLIST_FILE = YES;
				INFOPLIST_KEY_NSHumanReadableCopyright = "";
				INSTALL_PATH = "$(LOCAL_LIBRARY_DIR)/Frameworks";
				LD_RUNPATH_SEARCH_PATHS = (
					"$(inherited)",
					"@executable_path/../Frameworks",
					"@loader_path/Frameworks",
				);
				MACOSX_DEPLOYMENT_TARGET = 12.3;
				MARKETING_VERSION = 1.0;
				PRODUCT_BUNDLE_IDENTIFIER = com.devmeist3r.Data;
				PRODUCT_NAME = "$(TARGET_NAME:c99extidentifier)";
				SDKROOT = macosx;
				SKIP_INSTALL = YES;
				SUPPORTED_PLATFORMS = "macosx iphoneos iphonesimulator";
				SWIFT_EMIT_LOC_STRINGS = YES;
				SWIFT_OPTIMIZATION_LEVEL = "-Onone";
				SWIFT_VERSION = 5.0;
			};
			name = Debug;
		};
		B1318B8F284BE9B900DEF15D /* Release */ = {
			isa = XCBuildConfiguration;
			buildSettings = {
				CLANG_ENABLE_MODULES = YES;
				CODE_SIGN_STYLE = Automatic;
				COMBINE_HIDPI_IMAGES = YES;
				CURRENT_PROJECT_VERSION = 1;
				DEFINES_MODULE = YES;
				DEVELOPMENT_TEAM = Y65JAZKR5L;
				DYLIB_COMPATIBILITY_VERSION = 1;
				DYLIB_CURRENT_VERSION = 1;
				DYLIB_INSTALL_NAME_BASE = "@rpath";
				GENERATE_INFOPLIST_FILE = YES;
				INFOPLIST_KEY_NSHumanReadableCopyright = "";
				INSTALL_PATH = "$(LOCAL_LIBRARY_DIR)/Frameworks";
				LD_RUNPATH_SEARCH_PATHS = (
					"$(inherited)",
					"@executable_path/../Frameworks",
					"@loader_path/Frameworks",
				);
				MACOSX_DEPLOYMENT_TARGET = 12.3;
				MARKETING_VERSION = 1.0;
				PRODUCT_BUNDLE_IDENTIFIER = com.devmeist3r.Data;
				PRODUCT_NAME = "$(TARGET_NAME:c99extidentifier)";
				SDKROOT = macosx;
				SKIP_INSTALL = YES;
				SUPPORTED_PLATFORMS = "macosx iphoneos iphonesimulator";
				SWIFT_EMIT_LOC_STRINGS = YES;
				SWIFT_VERSION = 5.0;
			};
			name = Release;
		};
		B1318B90284BE9B900DEF15D /* Debug */ = {
			isa = XCBuildConfiguration;
			buildSettings = {
				ALWAYS_EMBED_SWIFT_STANDARD_LIBRARIES = YES;
				CODE_SIGN_STYLE = Automatic;
				CURRENT_PROJECT_VERSION = 1;
				DEVELOPMENT_TEAM = Y65JAZKR5L;
				GENERATE_INFOPLIST_FILE = YES;
				MACOSX_DEPLOYMENT_TARGET = 12.3;
				MARKETING_VERSION = 1.0;
				PRODUCT_BUNDLE_IDENTIFIER = com.devmeist3r.DataTests;
				PRODUCT_NAME = "$(TARGET_NAME)";
				SDKROOT = macosx;
				SUPPORTED_PLATFORMS = "macosx iphonesimulator iphoneos";
				SWIFT_EMIT_LOC_STRINGS = NO;
				SWIFT_VERSION = 5.0;
			};
			name = Debug;
		};
		B1318B91284BE9B900DEF15D /* Release */ = {
			isa = XCBuildConfiguration;
			buildSettings = {
				ALWAYS_EMBED_SWIFT_STANDARD_LIBRARIES = YES;
				CODE_SIGN_STYLE = Automatic;
				CURRENT_PROJECT_VERSION = 1;
				DEVELOPMENT_TEAM = Y65JAZKR5L;
				GENERATE_INFOPLIST_FILE = YES;
				MACOSX_DEPLOYMENT_TARGET = 12.3;
				MARKETING_VERSION = 1.0;
				PRODUCT_BUNDLE_IDENTIFIER = com.devmeist3r.DataTests;
				PRODUCT_NAME = "$(TARGET_NAME)";
				SDKROOT = macosx;
				SUPPORTED_PLATFORMS = "macosx iphonesimulator iphoneos";
				SWIFT_EMIT_LOC_STRINGS = NO;
				SWIFT_VERSION = 5.0;
			};
			name = Release;
		};
		B1318BCC284C9FC800DEF15D /* Debug */ = {
			isa = XCBuildConfiguration;
			buildSettings = {
				CLANG_ENABLE_MODULES = YES;
				CODE_SIGN_STYLE = Automatic;
				COMBINE_HIDPI_IMAGES = YES;
				CURRENT_PROJECT_VERSION = 1;
				DEFINES_MODULE = YES;
				DEVELOPMENT_TEAM = Y65JAZKR5L;
				DYLIB_COMPATIBILITY_VERSION = 1;
				DYLIB_CURRENT_VERSION = 1;
				DYLIB_INSTALL_NAME_BASE = "@rpath";
				GENERATE_INFOPLIST_FILE = YES;
				INFOPLIST_KEY_NSHumanReadableCopyright = "";
				INSTALL_PATH = "$(LOCAL_LIBRARY_DIR)/Frameworks";
				LD_RUNPATH_SEARCH_PATHS = (
					"$(inherited)",
					"@executable_path/../Frameworks",
					"@loader_path/Frameworks",
				);
				MACOSX_DEPLOYMENT_TARGET = 12.3;
				MARKETING_VERSION = 1.0;
				PRODUCT_BUNDLE_IDENTIFIER = com.devmeist3r.Infra;
				PRODUCT_NAME = "$(TARGET_NAME:c99extidentifier)";
				SDKROOT = macosx;
				SKIP_INSTALL = YES;
				SWIFT_EMIT_LOC_STRINGS = YES;
				SWIFT_OPTIMIZATION_LEVEL = "-Onone";
				SWIFT_VERSION = 5.0;
			};
			name = Debug;
		};
		B1318BCD284C9FC800DEF15D /* Release */ = {
			isa = XCBuildConfiguration;
			buildSettings = {
				CLANG_ENABLE_MODULES = YES;
				CODE_SIGN_STYLE = Automatic;
				COMBINE_HIDPI_IMAGES = YES;
				CURRENT_PROJECT_VERSION = 1;
				DEFINES_MODULE = YES;
				DEVELOPMENT_TEAM = Y65JAZKR5L;
				DYLIB_COMPATIBILITY_VERSION = 1;
				DYLIB_CURRENT_VERSION = 1;
				DYLIB_INSTALL_NAME_BASE = "@rpath";
				GENERATE_INFOPLIST_FILE = YES;
				INFOPLIST_KEY_NSHumanReadableCopyright = "";
				INSTALL_PATH = "$(LOCAL_LIBRARY_DIR)/Frameworks";
				LD_RUNPATH_SEARCH_PATHS = (
					"$(inherited)",
					"@executable_path/../Frameworks",
					"@loader_path/Frameworks",
				);
				MACOSX_DEPLOYMENT_TARGET = 12.3;
				MARKETING_VERSION = 1.0;
				PRODUCT_BUNDLE_IDENTIFIER = com.devmeist3r.Infra;
				PRODUCT_NAME = "$(TARGET_NAME:c99extidentifier)";
				SDKROOT = macosx;
				SKIP_INSTALL = YES;
				SWIFT_EMIT_LOC_STRINGS = YES;
				SWIFT_VERSION = 5.0;
			};
			name = Release;
		};
		B1318BCF284C9FC800DEF15D /* Debug */ = {
			isa = XCBuildConfiguration;
			buildSettings = {
				ALWAYS_EMBED_SWIFT_STANDARD_LIBRARIES = YES;
				CODE_SIGN_STYLE = Automatic;
				CURRENT_PROJECT_VERSION = 1;
				DEVELOPMENT_TEAM = Y65JAZKR5L;
				GENERATE_INFOPLIST_FILE = YES;
				MACOSX_DEPLOYMENT_TARGET = 12.3;
				MARKETING_VERSION = 1.0;
				PRODUCT_BUNDLE_IDENTIFIER = com.devmeist3r.InfraTests;
				PRODUCT_NAME = "$(TARGET_NAME)";
				SDKROOT = macosx;
				SWIFT_EMIT_LOC_STRINGS = NO;
				SWIFT_VERSION = 5.0;
			};
			name = Debug;
		};
		B1318BD0284C9FC800DEF15D /* Release */ = {
			isa = XCBuildConfiguration;
			buildSettings = {
				ALWAYS_EMBED_SWIFT_STANDARD_LIBRARIES = YES;
				CODE_SIGN_STYLE = Automatic;
				CURRENT_PROJECT_VERSION = 1;
				DEVELOPMENT_TEAM = Y65JAZKR5L;
				GENERATE_INFOPLIST_FILE = YES;
				MACOSX_DEPLOYMENT_TARGET = 12.3;
				MARKETING_VERSION = 1.0;
				PRODUCT_BUNDLE_IDENTIFIER = com.devmeist3r.InfraTests;
				PRODUCT_NAME = "$(TARGET_NAME)";
				SDKROOT = macosx;
				SWIFT_EMIT_LOC_STRINGS = NO;
				SWIFT_VERSION = 5.0;
			};
			name = Release;
		};
		B135B182284EFC6700179E8F /* Debug */ = {
			isa = XCBuildConfiguration;
			buildSettings = {
				CLANG_ENABLE_MODULES = YES;
				CODE_SIGN_STYLE = Automatic;
				COMBINE_HIDPI_IMAGES = YES;
				CURRENT_PROJECT_VERSION = 1;
				DEFINES_MODULE = YES;
				DEVELOPMENT_TEAM = Y65JAZKR5L;
				DYLIB_COMPATIBILITY_VERSION = 1;
				DYLIB_CURRENT_VERSION = 1;
				DYLIB_INSTALL_NAME_BASE = "@rpath";
				GENERATE_INFOPLIST_FILE = YES;
				INFOPLIST_KEY_NSHumanReadableCopyright = "";
				INSTALL_PATH = "$(LOCAL_LIBRARY_DIR)/Frameworks";
				LD_RUNPATH_SEARCH_PATHS = (
					"$(inherited)",
					"@executable_path/../Frameworks",
					"@loader_path/Frameworks",
				);
				MACOSX_DEPLOYMENT_TARGET = 12.3;
				MARKETING_VERSION = 1.0;
				PRODUCT_BUNDLE_IDENTIFIER = com.devmeist3r.Presentation;
				PRODUCT_NAME = "$(TARGET_NAME:c99extidentifier)";
				SDKROOT = macosx;
				SKIP_INSTALL = YES;
				SUPPORTED_PLATFORMS = "macosx iphonesimulator iphoneos";
				SWIFT_EMIT_LOC_STRINGS = YES;
				SWIFT_OPTIMIZATION_LEVEL = "-Onone";
				SWIFT_VERSION = 5.0;
			};
			name = Debug;
		};
		B135B183284EFC6700179E8F /* Release */ = {
			isa = XCBuildConfiguration;
			buildSettings = {
				CLANG_ENABLE_MODULES = YES;
				CODE_SIGN_STYLE = Automatic;
				COMBINE_HIDPI_IMAGES = YES;
				CURRENT_PROJECT_VERSION = 1;
				DEFINES_MODULE = YES;
				DEVELOPMENT_TEAM = Y65JAZKR5L;
				DYLIB_COMPATIBILITY_VERSION = 1;
				DYLIB_CURRENT_VERSION = 1;
				DYLIB_INSTALL_NAME_BASE = "@rpath";
				GENERATE_INFOPLIST_FILE = YES;
				INFOPLIST_KEY_NSHumanReadableCopyright = "";
				INSTALL_PATH = "$(LOCAL_LIBRARY_DIR)/Frameworks";
				LD_RUNPATH_SEARCH_PATHS = (
					"$(inherited)",
					"@executable_path/../Frameworks",
					"@loader_path/Frameworks",
				);
				MACOSX_DEPLOYMENT_TARGET = 12.3;
				MARKETING_VERSION = 1.0;
				PRODUCT_BUNDLE_IDENTIFIER = com.devmeist3r.Presentation;
				PRODUCT_NAME = "$(TARGET_NAME:c99extidentifier)";
				SDKROOT = macosx;
				SKIP_INSTALL = YES;
				SUPPORTED_PLATFORMS = "macosx iphonesimulator iphoneos";
				SWIFT_EMIT_LOC_STRINGS = YES;
				SWIFT_VERSION = 5.0;
			};
			name = Release;
		};
		B135B184284EFC6700179E8F /* Debug */ = {
			isa = XCBuildConfiguration;
			buildSettings = {
				ALWAYS_EMBED_SWIFT_STANDARD_LIBRARIES = YES;
				CODE_SIGN_STYLE = Automatic;
				CURRENT_PROJECT_VERSION = 1;
				DEVELOPMENT_TEAM = Y65JAZKR5L;
				GENERATE_INFOPLIST_FILE = YES;
				MACOSX_DEPLOYMENT_TARGET = 12.3;
				MARKETING_VERSION = 1.0;
				PRODUCT_BUNDLE_IDENTIFIER = com.devmeist3r.PresentationTests;
				PRODUCT_NAME = "$(TARGET_NAME)";
				SDKROOT = macosx;
				SUPPORTED_PLATFORMS = "macosx iphoneos iphonesimulator";
				SWIFT_EMIT_LOC_STRINGS = NO;
				SWIFT_VERSION = 5.0;
			};
			name = Debug;
		};
		B135B185284EFC6700179E8F /* Release */ = {
			isa = XCBuildConfiguration;
			buildSettings = {
				ALWAYS_EMBED_SWIFT_STANDARD_LIBRARIES = YES;
				CODE_SIGN_STYLE = Automatic;
				CURRENT_PROJECT_VERSION = 1;
				DEVELOPMENT_TEAM = Y65JAZKR5L;
				GENERATE_INFOPLIST_FILE = YES;
				MACOSX_DEPLOYMENT_TARGET = 12.3;
				MARKETING_VERSION = 1.0;
				PRODUCT_BUNDLE_IDENTIFIER = com.devmeist3r.PresentationTests;
				PRODUCT_NAME = "$(TARGET_NAME)";
				SDKROOT = macosx;
				SUPPORTED_PLATFORMS = "macosx iphoneos iphonesimulator";
				SWIFT_EMIT_LOC_STRINGS = NO;
				SWIFT_VERSION = 5.0;
			};
			name = Release;
		};
		B148B613284E9C6A001C2C9E /* Debug */ = {
			isa = XCBuildConfiguration;
			buildSettings = {
				CODE_SIGN_STYLE = Automatic;
				CURRENT_PROJECT_VERSION = 1;
				DEVELOPMENT_TEAM = Y65JAZKR5L;
				GENERATE_INFOPLIST_FILE = YES;
				MACOSX_DEPLOYMENT_TARGET = 12.3;
				MARKETING_VERSION = 1.0;
				PRODUCT_BUNDLE_IDENTIFIER = com.devmeist3r.UseCasesIntegrationTests;
				PRODUCT_NAME = "$(TARGET_NAME)";
				SDKROOT = macosx;
				SWIFT_EMIT_LOC_STRINGS = NO;
				SWIFT_VERSION = 5.0;
			};
			name = Debug;
		};
		B148B614284E9C6A001C2C9E /* Release */ = {
			isa = XCBuildConfiguration;
			buildSettings = {
				CODE_SIGN_STYLE = Automatic;
				CURRENT_PROJECT_VERSION = 1;
				DEVELOPMENT_TEAM = Y65JAZKR5L;
				GENERATE_INFOPLIST_FILE = YES;
				MACOSX_DEPLOYMENT_TARGET = 12.3;
				MARKETING_VERSION = 1.0;
				PRODUCT_BUNDLE_IDENTIFIER = com.devmeist3r.UseCasesIntegrationTests;
				PRODUCT_NAME = "$(TARGET_NAME)";
				SDKROOT = macosx;
				SWIFT_EMIT_LOC_STRINGS = NO;
				SWIFT_VERSION = 5.0;
			};
			name = Release;
		};
		B1B4CF0128611CAD009255A1 /* Debug */ = {
			isa = XCBuildConfiguration;
			buildSettings = {
				CLANG_ENABLE_MODULES = YES;
				CODE_SIGN_STYLE = Automatic;
				COMBINE_HIDPI_IMAGES = YES;
				CURRENT_PROJECT_VERSION = 1;
				DEFINES_MODULE = YES;
				DEVELOPMENT_TEAM = Y65JAZKR5L;
				DYLIB_COMPATIBILITY_VERSION = 1;
				DYLIB_CURRENT_VERSION = 1;
				DYLIB_INSTALL_NAME_BASE = "@rpath";
				GENERATE_INFOPLIST_FILE = YES;
				INFOPLIST_KEY_NSHumanReadableCopyright = "";
				INSTALL_PATH = "$(LOCAL_LIBRARY_DIR)/Frameworks";
				LD_RUNPATH_SEARCH_PATHS = (
					"$(inherited)",
					"@executable_path/../Frameworks",
					"@loader_path/Frameworks",
				);
				MACOSX_DEPLOYMENT_TARGET = 12.3;
				MARKETING_VERSION = 1.0;
				PRODUCT_BUNDLE_IDENTIFIER = com.devmeist3r.UI;
				PRODUCT_NAME = "$(TARGET_NAME:c99extidentifier)";
				SDKROOT = macosx;
				SKIP_INSTALL = YES;
				SUPPORTED_PLATFORMS = "macosx iphoneos iphonesimulator";
				SWIFT_EMIT_LOC_STRINGS = YES;
				SWIFT_OPTIMIZATION_LEVEL = "-Onone";
				SWIFT_VERSION = 5.0;
			};
			name = Debug;
		};
		B1B4CF0228611CAD009255A1 /* Release */ = {
			isa = XCBuildConfiguration;
			buildSettings = {
				CLANG_ENABLE_MODULES = YES;
				CODE_SIGN_STYLE = Automatic;
				COMBINE_HIDPI_IMAGES = YES;
				CURRENT_PROJECT_VERSION = 1;
				DEFINES_MODULE = YES;
				DEVELOPMENT_TEAM = Y65JAZKR5L;
				DYLIB_COMPATIBILITY_VERSION = 1;
				DYLIB_CURRENT_VERSION = 1;
				DYLIB_INSTALL_NAME_BASE = "@rpath";
				GENERATE_INFOPLIST_FILE = YES;
				INFOPLIST_KEY_NSHumanReadableCopyright = "";
				INSTALL_PATH = "$(LOCAL_LIBRARY_DIR)/Frameworks";
				LD_RUNPATH_SEARCH_PATHS = (
					"$(inherited)",
					"@executable_path/../Frameworks",
					"@loader_path/Frameworks",
				);
				MACOSX_DEPLOYMENT_TARGET = 12.3;
				MARKETING_VERSION = 1.0;
				PRODUCT_BUNDLE_IDENTIFIER = com.devmeist3r.UI;
				PRODUCT_NAME = "$(TARGET_NAME:c99extidentifier)";
				SDKROOT = macosx;
				SKIP_INSTALL = YES;
				SUPPORTED_PLATFORMS = "macosx iphoneos iphonesimulator";
				SWIFT_EMIT_LOC_STRINGS = YES;
				SWIFT_VERSION = 5.0;
			};
			name = Release;
		};
		B1B4CF0428611CAD009255A1 /* Debug */ = {
			isa = XCBuildConfiguration;
			buildSettings = {
				ALWAYS_EMBED_SWIFT_STANDARD_LIBRARIES = YES;
				CODE_SIGN_STYLE = Automatic;
				CURRENT_PROJECT_VERSION = 1;
				DEVELOPMENT_TEAM = Y65JAZKR5L;
				GENERATE_INFOPLIST_FILE = YES;
				MACOSX_DEPLOYMENT_TARGET = 12.3;
				MARKETING_VERSION = 1.0;
				PRODUCT_BUNDLE_IDENTIFIER = com.devmeist3r.UITests;
				PRODUCT_NAME = "$(TARGET_NAME)";
				SDKROOT = macosx;
				SUPPORTED_PLATFORMS = "macosx iphoneos iphonesimulator";
				SWIFT_EMIT_LOC_STRINGS = NO;
				SWIFT_VERSION = 5.0;
			};
			name = Debug;
		};
		B1B4CF0528611CAD009255A1 /* Release */ = {
			isa = XCBuildConfiguration;
			buildSettings = {
				ALWAYS_EMBED_SWIFT_STANDARD_LIBRARIES = YES;
				CODE_SIGN_STYLE = Automatic;
				CURRENT_PROJECT_VERSION = 1;
				DEVELOPMENT_TEAM = Y65JAZKR5L;
				GENERATE_INFOPLIST_FILE = YES;
				MACOSX_DEPLOYMENT_TARGET = 12.3;
				MARKETING_VERSION = 1.0;
				PRODUCT_BUNDLE_IDENTIFIER = com.devmeist3r.UITests;
				PRODUCT_NAME = "$(TARGET_NAME)";
				SDKROOT = macosx;
				SUPPORTED_PLATFORMS = "macosx iphoneos iphonesimulator";
				SWIFT_EMIT_LOC_STRINGS = NO;
				SWIFT_VERSION = 5.0;
			};
			name = Release;
		};
/* End XCBuildConfiguration section */

/* Begin XCConfigurationList section */
		B1318B5A284BE5F500DEF15D /* Build configuration list for PBXProject "CleanApp" */ = {
			isa = XCConfigurationList;
			buildConfigurations = (
				B1318B65284BE5F500DEF15D /* Debug */,
				B1318B66284BE5F500DEF15D /* Release */,
			);
			defaultConfigurationIsVisible = 0;
			defaultConfigurationName = Release;
		};
		B1318B73284BE6BB00DEF15D /* Build configuration list for PBXNativeTarget "Domain" */ = {
			isa = XCConfigurationList;
			buildConfigurations = (
				B1318B74284BE6BB00DEF15D /* Debug */,
				B1318B75284BE6BB00DEF15D /* Release */,
			);
			defaultConfigurationIsVisible = 0;
			defaultConfigurationName = Release;
		};
		B1318B92284BE9B900DEF15D /* Build configuration list for PBXNativeTarget "Data" */ = {
			isa = XCConfigurationList;
			buildConfigurations = (
				B1318B8E284BE9B900DEF15D /* Debug */,
				B1318B8F284BE9B900DEF15D /* Release */,
			);
			defaultConfigurationIsVisible = 0;
			defaultConfigurationName = Release;
		};
		B1318B93284BE9B900DEF15D /* Build configuration list for PBXNativeTarget "DataTests" */ = {
			isa = XCConfigurationList;
			buildConfigurations = (
				B1318B90284BE9B900DEF15D /* Debug */,
				B1318B91284BE9B900DEF15D /* Release */,
			);
			defaultConfigurationIsVisible = 0;
			defaultConfigurationName = Release;
		};
		B1318BCB284C9FC800DEF15D /* Build configuration list for PBXNativeTarget "Infra" */ = {
			isa = XCConfigurationList;
			buildConfigurations = (
				B1318BCC284C9FC800DEF15D /* Debug */,
				B1318BCD284C9FC800DEF15D /* Release */,
			);
			defaultConfigurationIsVisible = 0;
			defaultConfigurationName = Release;
		};
		B1318BCE284C9FC800DEF15D /* Build configuration list for PBXNativeTarget "InfraTests" */ = {
			isa = XCConfigurationList;
			buildConfigurations = (
				B1318BCF284C9FC800DEF15D /* Debug */,
				B1318BD0284C9FC800DEF15D /* Release */,
			);
			defaultConfigurationIsVisible = 0;
			defaultConfigurationName = Release;
		};
		B135B186284EFC6700179E8F /* Build configuration list for PBXNativeTarget "Presentation" */ = {
			isa = XCConfigurationList;
			buildConfigurations = (
				B135B182284EFC6700179E8F /* Debug */,
				B135B183284EFC6700179E8F /* Release */,
			);
			defaultConfigurationIsVisible = 0;
			defaultConfigurationName = Release;
		};
		B135B187284EFC6700179E8F /* Build configuration list for PBXNativeTarget "PresentationTests" */ = {
			isa = XCConfigurationList;
			buildConfigurations = (
				B135B184284EFC6700179E8F /* Debug */,
				B135B185284EFC6700179E8F /* Release */,
			);
			defaultConfigurationIsVisible = 0;
			defaultConfigurationName = Release;
		};
		B148B612284E9C6A001C2C9E /* Build configuration list for PBXNativeTarget "UseCasesIntegrationTests" */ = {
			isa = XCConfigurationList;
			buildConfigurations = (
				B148B613284E9C6A001C2C9E /* Debug */,
				B148B614284E9C6A001C2C9E /* Release */,
			);
			defaultConfigurationIsVisible = 0;
			defaultConfigurationName = Release;
		};
		B1B4CF0028611CAD009255A1 /* Build configuration list for PBXNativeTarget "UI" */ = {
			isa = XCConfigurationList;
			buildConfigurations = (
				B1B4CF0128611CAD009255A1 /* Debug */,
				B1B4CF0228611CAD009255A1 /* Release */,
			);
			defaultConfigurationIsVisible = 0;
			defaultConfigurationName = Release;
		};
		B1B4CF0328611CAD009255A1 /* Build configuration list for PBXNativeTarget "UITests" */ = {
			isa = XCConfigurationList;
			buildConfigurations = (
				B1B4CF0428611CAD009255A1 /* Debug */,
				B1B4CF0528611CAD009255A1 /* Release */,
			);
			defaultConfigurationIsVisible = 0;
			defaultConfigurationName = Release;
		};
/* End XCConfigurationList section */

/* Begin XCRemoteSwiftPackageReference section */
		B1318BD9284CA18F00DEF15D /* XCRemoteSwiftPackageReference "Alamofire" */ = {
			isa = XCRemoteSwiftPackageReference;
			repositoryURL = "https://github.com/Alamofire/Alamofire.git";
			requirement = {
				kind = upToNextMajorVersion;
				minimumVersion = 5.0.0;
			};
		};
/* End XCRemoteSwiftPackageReference section */

/* Begin XCSwiftPackageProductDependency section */
		B1318BDA284CA18F00DEF15D /* Alamofire */ = {
			isa = XCSwiftPackageProductDependency;
			package = B1318BD9284CA18F00DEF15D /* XCRemoteSwiftPackageReference "Alamofire" */;
			productName = Alamofire;
		};
/* End XCSwiftPackageProductDependency section */
	};
	rootObject = B1318B57284BE5F500DEF15D /* Project object */;
}
